
Microsoft Visual Studio Solution File, Format Version 12.00
# Visual Studio Version 17
VisualStudioVersion = 17.0.31919.166
MinimumVisualStudioVersion = 10.0.40219.1
Project("{2150E333-8FDC-42A3-9474-1A3956D46DE8}") = "Lab", "Lab", "{3610885F-C1BB-4387-BE68-FDC53FDB71D4}"
EndProject
Project("{9A19103F-16F7-4668-BE54-9A1E7A4F7556}") = "MatchFullName", "MatchFullName\MatchFullName.csproj", "{02A061EA-4779-45EA-9AFB-BA2F81588BDC}"
EndProject
Project("{9A19103F-16F7-4668-BE54-9A1E7A4F7556}") = "MatchPhoneNumber", "MatchPhoneNumber\MatchPhoneNumber.csproj", "{E391D235-CC81-42BF-A6D4-78CE2BC4925C}"
EndProject
Project("{9A19103F-16F7-4668-BE54-9A1E7A4F7556}") = "MatchDates", "MatchDates\MatchDates.csproj", "{49CAAD26-227E-4813-9261-A2909C5D2DC4}"
EndProject
Project("{2150E333-8FDC-42A3-9474-1A3956D46DE8}") = "Exercise", "Exercise", "{A4866CB1-9A28-434E-BE3E-D1EF8F225307}"
EndProject
Project("{9A19103F-16F7-4668-BE54-9A1E7A4F7556}") = "Furniture", "Furniture\Furniture.csproj", "{36545446-6359-4BAF-A2EC-CD2D4C02078D}"
EndProject
Project("{9A19103F-16F7-4668-BE54-9A1E7A4F7556}") = "Race", "Race\Race.csproj", "{025A0F20-E03C-4D55-AC9F-0125CAA603A2}"
EndProject
Project("{9A19103F-16F7-4668-BE54-9A1E7A4F7556}") = "SoftUniBarIncome", "SoftUniBarIncome\SoftUniBarIncome.csproj", "{8CD95CCD-41A2-477D-B1F2-42BEBAE6DB7B}"
EndProject
Project("{FAE04EC0-301F-11D3-BF4B-00C04F79EFBC}") = "NetherRealms", "NetherRealms\NetherRealms.csproj", "{3E05740E-37E1-47FE-8C88-8E433EFBDC80}"
EndProject
Project("{FAE04EC0-301F-11D3-BF4B-00C04F79EFBC}") = "ExtractEmails", "ExtractEmails\ExtractEmails.csproj", "{24177F91-AF49-408C-9F25-6FBF90D24A00}"
EndProject
Global
	GlobalSection(SolutionConfigurationPlatforms) = preSolution
		Debug|Any CPU = Debug|Any CPU
		Release|Any CPU = Release|Any CPU
	EndGlobalSection
	GlobalSection(ProjectConfigurationPlatforms) = postSolution
		{02A061EA-4779-45EA-9AFB-BA2F81588BDC}.Debug|Any CPU.ActiveCfg = Debug|Any CPU
		{02A061EA-4779-45EA-9AFB-BA2F81588BDC}.Debug|Any CPU.Build.0 = Debug|Any CPU
		{02A061EA-4779-45EA-9AFB-BA2F81588BDC}.Release|Any CPU.ActiveCfg = Release|Any CPU
		{02A061EA-4779-45EA-9AFB-BA2F81588BDC}.Release|Any CPU.Build.0 = Release|Any CPU
		{E391D235-CC81-42BF-A6D4-78CE2BC4925C}.Debug|Any CPU.ActiveCfg = Debug|Any CPU
		{E391D235-CC81-42BF-A6D4-78CE2BC4925C}.Debug|Any CPU.Build.0 = Debug|Any CPU
		{E391D235-CC81-42BF-A6D4-78CE2BC4925C}.Release|Any CPU.ActiveCfg = Release|Any CPU
		{E391D235-CC81-42BF-A6D4-78CE2BC4925C}.Release|Any CPU.Build.0 = Release|Any CPU
		{49CAAD26-227E-4813-9261-A2909C5D2DC4}.Debug|Any CPU.ActiveCfg = Debug|Any CPU
		{49CAAD26-227E-4813-9261-A2909C5D2DC4}.Debug|Any CPU.Build.0 = Debug|Any CPU
		{49CAAD26-227E-4813-9261-A2909C5D2DC4}.Release|Any CPU.ActiveCfg = Release|Any CPU
		{49CAAD26-227E-4813-9261-A2909C5D2DC4}.Release|Any CPU.Build.0 = Release|Any CPU
		{36545446-6359-4BAF-A2EC-CD2D4C02078D}.Debug|Any CPU.ActiveCfg = Debug|Any CPU
		{36545446-6359-4BAF-A2EC-CD2D4C02078D}.Debug|Any CPU.Build.0 = Debug|Any CPU
		{36545446-6359-4BAF-A2EC-CD2D4C02078D}.Release|Any CPU.ActiveCfg = Release|Any CPU
		{36545446-6359-4BAF-A2EC-CD2D4C02078D}.Release|Any CPU.Build.0 = Release|Any CPU
		{025A0F20-E03C-4D55-AC9F-0125CAA603A2}.Debug|Any CPU.ActiveCfg = Debug|Any CPU
		{025A0F20-E03C-4D55-AC9F-0125CAA603A2}.Debug|Any CPU.Build.0 = Debug|Any CPU
		{025A0F20-E03C-4D55-AC9F-0125CAA603A2}.Release|Any CPU.ActiveCfg = Release|Any CPU
		{025A0F20-E03C-4D55-AC9F-0125CAA603A2}.Release|Any CPU.Build.0 = Release|Any CPU
		{8CD95CCD-41A2-477D-B1F2-42BEBAE6DB7B}.Debug|Any CPU.ActiveCfg = Debug|Any CPU
		{8CD95CCD-41A2-477D-B1F2-42BEBAE6DB7B}.Debug|Any CPU.Build.0 = Debug|Any CPU
		{8CD95CCD-41A2-477D-B1F2-42BEBAE6DB7B}.Release|Any CPU.ActiveCfg = Release|Any CPU
		{8CD95CCD-41A2-477D-B1F2-42BEBAE6DB7B}.Release|Any CPU.Build.0 = Release|Any CPU
		{3E05740E-37E1-47FE-8C88-8E433EFBDC80}.Debug|Any CPU.ActiveCfg = Debug|Any CPU
		{3E05740E-37E1-47FE-8C88-8E433EFBDC80}.Debug|Any CPU.Build.0 = Debug|Any CPU
		{3E05740E-37E1-47FE-8C88-8E433EFBDC80}.Release|Any CPU.ActiveCfg = Release|Any CPU
		{3E05740E-37E1-47FE-8C88-8E433EFBDC80}.Release|Any CPU.Build.0 = Release|Any CPU
		{24177F91-AF49-408C-9F25-6FBF90D24A00}.Debug|Any CPU.ActiveCfg = Debug|Any CPU
		{24177F91-AF49-408C-9F25-6FBF90D24A00}.Debug|Any CPU.Build.0 = Debug|Any CPU
		{24177F91-AF49-408C-9F25-6FBF90D24A00}.Release|Any CPU.ActiveCfg = Release|Any CPU
		{24177F91-AF49-408C-9F25-6FBF90D24A00}.Release|Any CPU.Build.0 = Release|Any CPU
	EndGlobalSection
	GlobalSection(SolutionProperties) = preSolution
		HideSolutionNode = FALSE
	EndGlobalSection
	GlobalSection(NestedProjects) = preSolution
		{02A061EA-4779-45EA-9AFB-BA2F81588BDC} = {3610885F-C1BB-4387-BE68-FDC53FDB71D4}
		{E391D235-CC81-42BF-A6D4-78CE2BC4925C} = {3610885F-C1BB-4387-BE68-FDC53FDB71D4}
		{49CAAD26-227E-4813-9261-A2909C5D2DC4} = {3610885F-C1BB-4387-BE68-FDC53FDB71D4}
		{36545446-6359-4BAF-A2EC-CD2D4C02078D} = {A4866CB1-9A28-434E-BE3E-D1EF8F225307}
		{025A0F20-E03C-4D55-AC9F-0125CAA603A2} = {A4866CB1-9A28-434E-BE3E-D1EF8F225307}
		{8CD95CCD-41A2-477D-B1F2-42BEBAE6DB7B} = {A4866CB1-9A28-434E-BE3E-D1EF8F225307}
		{3E05740E-37E1-47FE-8C88-8E433EFBDC80} = {A4866CB1-9A28-434E-BE3E-D1EF8F225307}
		{24177F91-AF49-408C-9F25-6FBF90D24A00} = {A4866CB1-9A28-434E-BE3E-D1EF8F225307}
	EndGlobalSection
	GlobalSection(ExtensibilityGlobals) = postSolution
		SolutionGuid = {1BB61F14-52A3-4792-A7E7-DDDC6EB851C9}
	EndGlobalSection
EndGlobal
