
Microsoft Visual Studio Solution File, Format Version 12.00
# Visual Studio Version 17
VisualStudioVersion = 17.1.32210.238
MinimumVisualStudioVersion = 10.0.40219.1
Project("{FAE04EC0-301F-11D3-BF4B-00C04F79EFBC}") = "Tetris", "Tetris\Tetris.csproj", "{9B595B96-FDB0-4EBC-B5A7-361B870B00B2}"
EndProject
Global
	GlobalSection(SolutionConfigurationPlatforms) = preSolution
		Debug|Any CPU = Debug|Any CPU
		Release|Any CPU = Release|Any CPU
	EndGlobalSection
	GlobalSection(ProjectConfigurationPlatforms) = postSolution
		{9B595B96-FDB0-4EBC-B5A7-361B870B00B2}.Debug|Any CPU.ActiveCfg = Debug|Any CPU
		{9B595B96-FDB0-4EBC-B5A7-361B870B00B2}.Debug|Any CPU.Build.0 = Debug|Any CPU
		{9B595B96-FDB0-4EBC-B5A7-361B870B00B2}.Release|Any CPU.ActiveCfg = Release|Any CPU
		{9B595B96-FDB0-4EBC-B5A7-361B870B00B2}.Release|Any CPU.Build.0 = Release|Any CPU
	EndGlobalSection
	GlobalSection(SolutionProperties) = preSolution
		HideSolutionNode = FALSE
	EndGlobalSection
	GlobalSection(ExtensibilityGlobals) = postSolution
		SolutionGuid = {F2DC74ED-1BF9-4409-9A1E-3DD9C0E7431C}
	EndGlobalSection
EndGlobal
