
Microsoft Visual Studio Solution File, Format Version 12.00
# Visual Studio Version 16
VisualStudioVersion = 16.0.31005.135
MinimumVisualStudioVersion = 10.0.40219.1
Project("{9A19103F-16F7-4668-BE54-9A1E7A4F7556}") = "CounterStrike", "CounterStrike\CounterStrike.csproj", "{CAC19EBB-79DC-44C1-AA31-8E528CEC86B4}"
EndProject
Project("{9A19103F-16F7-4668-BE54-9A1E7A4F7556}") = "ShootForTheWin", "ShootForTheWin\ShootForTheWin.csproj", "{9A1059C8-E09F-4828-8F13-4A6BFCFEE911}"
EndProject
Project("{9A19103F-16F7-4668-BE54-9A1E7A4F7556}") = "MovingTarget", "MovingTarget\MovingTarget.csproj", "{2BA6F8CE-9F27-4110-B7FA-F4F4D30287D8}"
EndProject
Project("{FAE04EC0-301F-11D3-BF4B-00C04F79EFBC}") = "GuineaPig", "GuineaPig\GuineaPig.csproj", "{617F1405-621C-470B-B6FF-386E8DC44AD8}"
EndProject
Project("{FAE04EC0-301F-11D3-BF4B-00C04F79EFBC}") = "HeartDelivery", "HeartDelivery\HeartDelivery.csproj", "{6DFD3ED5-818C-48F4-AE45-D9011F0D67A2}"
EndProject
Global
	GlobalSection(SolutionConfigurationPlatforms) = preSolution
		Debug|Any CPU = Debug|Any CPU
		Release|Any CPU = Release|Any CPU
	EndGlobalSection
	GlobalSection(ProjectConfigurationPlatforms) = postSolution
		{CAC19EBB-79DC-44C1-AA31-8E528CEC86B4}.Debug|Any CPU.ActiveCfg = Debug|Any CPU
		{CAC19EBB-79DC-44C1-AA31-8E528CEC86B4}.Debug|Any CPU.Build.0 = Debug|Any CPU
		{CAC19EBB-79DC-44C1-AA31-8E528CEC86B4}.Release|Any CPU.ActiveCfg = Release|Any CPU
		{CAC19EBB-79DC-44C1-AA31-8E528CEC86B4}.Release|Any CPU.Build.0 = Release|Any CPU
		{9A1059C8-E09F-4828-8F13-4A6BFCFEE911}.Debug|Any CPU.ActiveCfg = Debug|Any CPU
		{9A1059C8-E09F-4828-8F13-4A6BFCFEE911}.Debug|Any CPU.Build.0 = Debug|Any CPU
		{9A1059C8-E09F-4828-8F13-4A6BFCFEE911}.Release|Any CPU.ActiveCfg = Release|Any CPU
		{9A1059C8-E09F-4828-8F13-4A6BFCFEE911}.Release|Any CPU.Build.0 = Release|Any CPU
		{2BA6F8CE-9F27-4110-B7FA-F4F4D30287D8}.Debug|Any CPU.ActiveCfg = Debug|Any CPU
		{2BA6F8CE-9F27-4110-B7FA-F4F4D30287D8}.Debug|Any CPU.Build.0 = Debug|Any CPU
		{2BA6F8CE-9F27-4110-B7FA-F4F4D30287D8}.Release|Any CPU.ActiveCfg = Release|Any CPU
		{2BA6F8CE-9F27-4110-B7FA-F4F4D30287D8}.Release|Any CPU.Build.0 = Release|Any CPU
		{617F1405-621C-470B-B6FF-386E8DC44AD8}.Debug|Any CPU.ActiveCfg = Debug|Any CPU
		{617F1405-621C-470B-B6FF-386E8DC44AD8}.Debug|Any CPU.Build.0 = Debug|Any CPU
		{617F1405-621C-470B-B6FF-386E8DC44AD8}.Release|Any CPU.ActiveCfg = Release|Any CPU
		{617F1405-621C-470B-B6FF-386E8DC44AD8}.Release|Any CPU.Build.0 = Release|Any CPU
		{6DFD3ED5-818C-48F4-AE45-D9011F0D67A2}.Debug|Any CPU.ActiveCfg = Debug|Any CPU
		{6DFD3ED5-818C-48F4-AE45-D9011F0D67A2}.Debug|Any CPU.Build.0 = Debug|Any CPU
		{6DFD3ED5-818C-48F4-AE45-D9011F0D67A2}.Release|Any CPU.ActiveCfg = Release|Any CPU
		{6DFD3ED5-818C-48F4-AE45-D9011F0D67A2}.Release|Any CPU.Build.0 = Release|Any CPU
	EndGlobalSection
	GlobalSection(SolutionProperties) = preSolution
		HideSolutionNode = FALSE
	EndGlobalSection
	GlobalSection(ExtensibilityGlobals) = postSolution
		SolutionGuid = {6D318AC3-D114-4781-9DD3-E4866219328A}
	EndGlobalSection
EndGlobal
