
Microsoft Visual Studio Solution File, Format Version 12.00
# Visual Studio Version 17
VisualStudioVersion = 17.5.33502.453
MinimumVisualStudioVersion = 10.0.40219.1
Project("{FAE04EC0-301F-11D3-BF4B-00C04F79EFBC}") = "RealEstates.Data", "RealEstates.Data\RealEstates.Data.csproj", "{93E7D47C-CB9E-4CE1-B96C-B3718DCCFF16}"
EndProject
Project("{FAE04EC0-301F-11D3-BF4B-00C04F79EFBC}") = "RealEstates.Models", "RealEstates.Models\RealEstates.Models.csproj", "{25F3911E-F823-481A-82B6-8F7CF6A9CE0D}"
EndProject
Project("{FAE04EC0-301F-11D3-BF4B-00C04F79EFBC}") = "RealEstates.Services", "RealEstates.Services\RealEstates.Services.csproj", "{5E092FE1-13BF-451B-8FBF-FC02A9A7843B}"
EndProject
Project("{FAE04EC0-301F-11D3-BF4B-00C04F79EFBC}") = "RealEstates.Importer", "RealEstates.Importer\RealEstates.Importer.csproj", "{C99A9DBE-B854-4693-A631-E86DB3F1F59B}"
EndProject
Project("{FAE04EC0-301F-11D3-BF4B-00C04F79EFBC}") = "RealEstates.ConsoleApplication", "RealEstates.ConsoleApplication\RealEstates.ConsoleApplication.csproj", "{54C27605-7EEA-4217-9FA9-FA4F2176D41D}"
EndProject
Global
	GlobalSection(SolutionConfigurationPlatforms) = preSolution
		Debug|Any CPU = Debug|Any CPU
		Release|Any CPU = Release|Any CPU
	EndGlobalSection
	GlobalSection(ProjectConfigurationPlatforms) = postSolution
		{93E7D47C-CB9E-4CE1-B96C-B3718DCCFF16}.Debug|Any CPU.ActiveCfg = Debug|Any CPU
		{93E7D47C-CB9E-4CE1-B96C-B3718DCCFF16}.Debug|Any CPU.Build.0 = Debug|Any CPU
		{93E7D47C-CB9E-4CE1-B96C-B3718DCCFF16}.Release|Any CPU.ActiveCfg = Release|Any CPU
		{93E7D47C-CB9E-4CE1-B96C-B3718DCCFF16}.Release|Any CPU.Build.0 = Release|Any CPU
		{25F3911E-F823-481A-82B6-8F7CF6A9CE0D}.Debug|Any CPU.ActiveCfg = Debug|Any CPU
		{25F3911E-F823-481A-82B6-8F7CF6A9CE0D}.Debug|Any CPU.Build.0 = Debug|Any CPU
		{25F3911E-F823-481A-82B6-8F7CF6A9CE0D}.Release|Any CPU.ActiveCfg = Release|Any CPU
		{25F3911E-F823-481A-82B6-8F7CF6A9CE0D}.Release|Any CPU.Build.0 = Release|Any CPU
		{5E092FE1-13BF-451B-8FBF-FC02A9A7843B}.Debug|Any CPU.ActiveCfg = Debug|Any CPU
		{5E092FE1-13BF-451B-8FBF-FC02A9A7843B}.Debug|Any CPU.Build.0 = Debug|Any CPU
		{5E092FE1-13BF-451B-8FBF-FC02A9A7843B}.Release|Any CPU.ActiveCfg = Release|Any CPU
		{5E092FE1-13BF-451B-8FBF-FC02A9A7843B}.Release|Any CPU.Build.0 = Release|Any CPU
		{C99A9DBE-B854-4693-A631-E86DB3F1F59B}.Debug|Any CPU.ActiveCfg = Debug|Any CPU
		{C99A9DBE-B854-4693-A631-E86DB3F1F59B}.Debug|Any CPU.Build.0 = Debug|Any CPU
		{C99A9DBE-B854-4693-A631-E86DB3F1F59B}.Release|Any CPU.ActiveCfg = Release|Any CPU
		{C99A9DBE-B854-4693-A631-E86DB3F1F59B}.Release|Any CPU.Build.0 = Release|Any CPU
		{54C27605-7EEA-4217-9FA9-FA4F2176D41D}.Debug|Any CPU.ActiveCfg = Debug|Any CPU
		{54C27605-7EEA-4217-9FA9-FA4F2176D41D}.Debug|Any CPU.Build.0 = Debug|Any CPU
		{54C27605-7EEA-4217-9FA9-FA4F2176D41D}.Release|Any CPU.ActiveCfg = Release|Any CPU
		{54C27605-7EEA-4217-9FA9-FA4F2176D41D}.Release|Any CPU.Build.0 = Release|Any CPU
	EndGlobalSection
	GlobalSection(SolutionProperties) = preSolution
		HideSolutionNode = FALSE
	EndGlobalSection
	GlobalSection(ExtensibilityGlobals) = postSolution
		SolutionGuid = {5580B442-0BD2-49EA-BCF3-51921FEB3743}
	EndGlobalSection
EndGlobal
