
Microsoft Visual Studio Solution File, Format Version 12.00
# Visual Studio Version 16
VisualStudioVersion = 16.0.31005.135
MinimumVisualStudioVersion = 10.0.40219.1
Project("{2150E333-8FDC-42A3-9474-1A3956D46DE8}") = "Lab", "Lab", "{D0DC4089-388B-4922-841E-B747907001A1}"
EndProject
Project("{9A19103F-16F7-4668-BE54-9A1E7A4F7556}") = "SumAdjacentEqualNumbers", "SumAdjacentEqualNumbers\SumAdjacentEqualNumbers.csproj", "{112A2CA9-F96E-4705-85F1-11C23B379BB0}"
EndProject
Project("{9A19103F-16F7-4668-BE54-9A1E7A4F7556}") = "GaussTrick", "GaussTrick\GaussTrick.csproj", "{CD9CC1B0-AAE9-4FA0-B411-704D7CEC157C}"
EndProject
Project("{9A19103F-16F7-4668-BE54-9A1E7A4F7556}") = "MergingLists", "MergingLists\MergingLists.csproj", "{8EFBEBA7-FB8E-4A79-927B-48F163A50598}"
EndProject
Project("{9A19103F-16F7-4668-BE54-9A1E7A4F7556}") = "ListOfProducts", "ListOfProducts\ListOfProducts.csproj", "{338C9578-C101-4A95-BDCC-26327E85FB92}"
EndProject
Project("{9A19103F-16F7-4668-BE54-9A1E7A4F7556}") = "RemoveNegativesReverse", "RemoveNegativesReverse\RemoveNegativesReverse.csproj", "{9A997478-6DC5-46B7-8A86-117DD6E35B1F}"
EndProject
Project("{9A19103F-16F7-4668-BE54-9A1E7A4F7556}") = "ListManipulationBasics", "ListManipulationBasics\ListManipulationBasics.csproj", "{DC895987-3C1C-4EA1-8ACE-F9BC3F6EAB52}"
EndProject
Project("{9A19103F-16F7-4668-BE54-9A1E7A4F7556}") = "ListManipulationAdvanced", "ListManipulationAdvanced\ListManipulationAdvanced.csproj", "{9603E7E9-5DEB-4760-8980-2A0483188623}"
EndProject
Project("{2150E333-8FDC-42A3-9474-1A3956D46DE8}") = "Exercise", "Exercise", "{479EFAB3-DE59-4CDA-AD17-43CAADDF61BF}"
EndProject
Project("{9A19103F-16F7-4668-BE54-9A1E7A4F7556}") = "Train", "Train\Train.csproj", "{D58C23FC-26B8-44F0-B18A-E612BE29BF26}"
EndProject
Project("{9A19103F-16F7-4668-BE54-9A1E7A4F7556}") = "ChangeList", "ChangeList\ChangeList.csproj", "{9ACF4BD0-8C44-4C06-8DEE-24C34733BB6C}"
EndProject
Project("{9A19103F-16F7-4668-BE54-9A1E7A4F7556}") = "HouseParty", "HouseParty\HouseParty.csproj", "{B65E2806-198B-4B3F-B3C1-453F1A9EC887}"
EndProject
Project("{9A19103F-16F7-4668-BE54-9A1E7A4F7556}") = "ListOperations", "ListOperations\ListOperations.csproj", "{BD716711-1B66-4EA6-8B2B-E9F089218A80}"
EndProject
Project("{9A19103F-16F7-4668-BE54-9A1E7A4F7556}") = "BombNumbers", "BombNumbers\BombNumbers.csproj", "{C7D7DFFE-71D3-435A-A9F6-150C802E1009}"
EndProject
Project("{9A19103F-16F7-4668-BE54-9A1E7A4F7556}") = "CardsGame", "CardsGame\CardsGame.csproj", "{68162B69-3DDF-4858-B7D1-E6E7C6F80FE8}"
EndProject
Project("{9A19103F-16F7-4668-BE54-9A1E7A4F7556}") = "AppendArrays", "AppendArrays\AppendArrays.csproj", "{7DFE2636-0640-4720-95EF-D2912760EB7F}"
EndProject
Project("{9A19103F-16F7-4668-BE54-9A1E7A4F7556}") = "AnonymousThreat", "AnonymousThreat\AnonymousThreat.csproj", "{CE8951A3-B647-45AB-BD4C-332741CCD63D}"
EndProject
Project("{9A19103F-16F7-4668-BE54-9A1E7A4F7556}") = "SoftUniCoursePlanning", "SoftUniCoursePlanning\SoftUniCoursePlanning.csproj", "{AAB7FD12-8451-4580-8822-D100A7AA8178}"
EndProject
Project("{9A19103F-16F7-4668-BE54-9A1E7A4F7556}") = "PokemonDon'tGo", "PokemonDon'tGo\PokemonDon'tGo.csproj", "{3CD5E0AB-49CE-4259-B2D3-4C45C92FA0B3}"
EndProject
Project("{2150E333-8FDC-42A3-9474-1A3956D46DE8}") = "MoreExercise", "MoreExercise", "{2099663B-F603-4E68-97EA-08B33EA371C5}"
EndProject
Project("{9A19103F-16F7-4668-BE54-9A1E7A4F7556}") = "Messaging", "Messaging\Messaging.csproj", "{15C3FD51-05D3-4DB4-B318-641E523E633A}"
EndProject
Project("{9A19103F-16F7-4668-BE54-9A1E7A4F7556}") = "CarRace", "CarRace\CarRace.csproj", "{115F0F61-A317-45F3-817D-F24996C3D1A6}"
EndProject
Project("{9A19103F-16F7-4668-BE54-9A1E7A4F7556}") = "TakeSkipRope", "TakeSkipRope\TakeSkipRope.csproj", "{316C487A-592F-4AF1-BC58-39A47B905900}"
EndProject
Project("{9A19103F-16F7-4668-BE54-9A1E7A4F7556}") = "MixedUpLists", "MixedUpLists\MixedUpLists.csproj", "{F500D312-883D-4108-8290-CD515D6379E2}"
EndProject
Project("{FAE04EC0-301F-11D3-BF4B-00C04F79EFBC}") = "DrumSet", "DrumSet\DrumSet.csproj", "{1E12403D-FFD5-40ED-B2F3-8D0FF7E2500C}"
EndProject
Global
	GlobalSection(SolutionConfigurationPlatforms) = preSolution
		Debug|Any CPU = Debug|Any CPU
		Release|Any CPU = Release|Any CPU
	EndGlobalSection
	GlobalSection(ProjectConfigurationPlatforms) = postSolution
		{112A2CA9-F96E-4705-85F1-11C23B379BB0}.Debug|Any CPU.ActiveCfg = Debug|Any CPU
		{112A2CA9-F96E-4705-85F1-11C23B379BB0}.Debug|Any CPU.Build.0 = Debug|Any CPU
		{112A2CA9-F96E-4705-85F1-11C23B379BB0}.Release|Any CPU.ActiveCfg = Release|Any CPU
		{112A2CA9-F96E-4705-85F1-11C23B379BB0}.Release|Any CPU.Build.0 = Release|Any CPU
		{CD9CC1B0-AAE9-4FA0-B411-704D7CEC157C}.Debug|Any CPU.ActiveCfg = Debug|Any CPU
		{CD9CC1B0-AAE9-4FA0-B411-704D7CEC157C}.Debug|Any CPU.Build.0 = Debug|Any CPU
		{CD9CC1B0-AAE9-4FA0-B411-704D7CEC157C}.Release|Any CPU.ActiveCfg = Release|Any CPU
		{CD9CC1B0-AAE9-4FA0-B411-704D7CEC157C}.Release|Any CPU.Build.0 = Release|Any CPU
		{8EFBEBA7-FB8E-4A79-927B-48F163A50598}.Debug|Any CPU.ActiveCfg = Debug|Any CPU
		{8EFBEBA7-FB8E-4A79-927B-48F163A50598}.Debug|Any CPU.Build.0 = Debug|Any CPU
		{8EFBEBA7-FB8E-4A79-927B-48F163A50598}.Release|Any CPU.ActiveCfg = Release|Any CPU
		{8EFBEBA7-FB8E-4A79-927B-48F163A50598}.Release|Any CPU.Build.0 = Release|Any CPU
		{338C9578-C101-4A95-BDCC-26327E85FB92}.Debug|Any CPU.ActiveCfg = Debug|Any CPU
		{338C9578-C101-4A95-BDCC-26327E85FB92}.Debug|Any CPU.Build.0 = Debug|Any CPU
		{338C9578-C101-4A95-BDCC-26327E85FB92}.Release|Any CPU.ActiveCfg = Release|Any CPU
		{338C9578-C101-4A95-BDCC-26327E85FB92}.Release|Any CPU.Build.0 = Release|Any CPU
		{9A997478-6DC5-46B7-8A86-117DD6E35B1F}.Debug|Any CPU.ActiveCfg = Debug|Any CPU
		{9A997478-6DC5-46B7-8A86-117DD6E35B1F}.Debug|Any CPU.Build.0 = Debug|Any CPU
		{9A997478-6DC5-46B7-8A86-117DD6E35B1F}.Release|Any CPU.ActiveCfg = Release|Any CPU
		{9A997478-6DC5-46B7-8A86-117DD6E35B1F}.Release|Any CPU.Build.0 = Release|Any CPU
		{DC895987-3C1C-4EA1-8ACE-F9BC3F6EAB52}.Debug|Any CPU.ActiveCfg = Debug|Any CPU
		{DC895987-3C1C-4EA1-8ACE-F9BC3F6EAB52}.Debug|Any CPU.Build.0 = Debug|Any CPU
		{DC895987-3C1C-4EA1-8ACE-F9BC3F6EAB52}.Release|Any CPU.ActiveCfg = Release|Any CPU
		{DC895987-3C1C-4EA1-8ACE-F9BC3F6EAB52}.Release|Any CPU.Build.0 = Release|Any CPU
		{9603E7E9-5DEB-4760-8980-2A0483188623}.Debug|Any CPU.ActiveCfg = Debug|Any CPU
		{9603E7E9-5DEB-4760-8980-2A0483188623}.Debug|Any CPU.Build.0 = Debug|Any CPU
		{9603E7E9-5DEB-4760-8980-2A0483188623}.Release|Any CPU.ActiveCfg = Release|Any CPU
		{9603E7E9-5DEB-4760-8980-2A0483188623}.Release|Any CPU.Build.0 = Release|Any CPU
		{D58C23FC-26B8-44F0-B18A-E612BE29BF26}.Debug|Any CPU.ActiveCfg = Debug|Any CPU
		{D58C23FC-26B8-44F0-B18A-E612BE29BF26}.Debug|Any CPU.Build.0 = Debug|Any CPU
		{D58C23FC-26B8-44F0-B18A-E612BE29BF26}.Release|Any CPU.ActiveCfg = Release|Any CPU
		{D58C23FC-26B8-44F0-B18A-E612BE29BF26}.Release|Any CPU.Build.0 = Release|Any CPU
		{9ACF4BD0-8C44-4C06-8DEE-24C34733BB6C}.Debug|Any CPU.ActiveCfg = Debug|Any CPU
		{9ACF4BD0-8C44-4C06-8DEE-24C34733BB6C}.Debug|Any CPU.Build.0 = Debug|Any CPU
		{9ACF4BD0-8C44-4C06-8DEE-24C34733BB6C}.Release|Any CPU.ActiveCfg = Release|Any CPU
		{9ACF4BD0-8C44-4C06-8DEE-24C34733BB6C}.Release|Any CPU.Build.0 = Release|Any CPU
		{B65E2806-198B-4B3F-B3C1-453F1A9EC887}.Debug|Any CPU.ActiveCfg = Debug|Any CPU
		{B65E2806-198B-4B3F-B3C1-453F1A9EC887}.Debug|Any CPU.Build.0 = Debug|Any CPU
		{B65E2806-198B-4B3F-B3C1-453F1A9EC887}.Release|Any CPU.ActiveCfg = Release|Any CPU
		{B65E2806-198B-4B3F-B3C1-453F1A9EC887}.Release|Any CPU.Build.0 = Release|Any CPU
		{BD716711-1B66-4EA6-8B2B-E9F089218A80}.Debug|Any CPU.ActiveCfg = Debug|Any CPU
		{BD716711-1B66-4EA6-8B2B-E9F089218A80}.Debug|Any CPU.Build.0 = Debug|Any CPU
		{BD716711-1B66-4EA6-8B2B-E9F089218A80}.Release|Any CPU.ActiveCfg = Release|Any CPU
		{BD716711-1B66-4EA6-8B2B-E9F089218A80}.Release|Any CPU.Build.0 = Release|Any CPU
		{C7D7DFFE-71D3-435A-A9F6-150C802E1009}.Debug|Any CPU.ActiveCfg = Debug|Any CPU
		{C7D7DFFE-71D3-435A-A9F6-150C802E1009}.Debug|Any CPU.Build.0 = Debug|Any CPU
		{C7D7DFFE-71D3-435A-A9F6-150C802E1009}.Release|Any CPU.ActiveCfg = Release|Any CPU
		{C7D7DFFE-71D3-435A-A9F6-150C802E1009}.Release|Any CPU.Build.0 = Release|Any CPU
		{68162B69-3DDF-4858-B7D1-E6E7C6F80FE8}.Debug|Any CPU.ActiveCfg = Debug|Any CPU
		{68162B69-3DDF-4858-B7D1-E6E7C6F80FE8}.Debug|Any CPU.Build.0 = Debug|Any CPU
		{68162B69-3DDF-4858-B7D1-E6E7C6F80FE8}.Release|Any CPU.ActiveCfg = Release|Any CPU
		{68162B69-3DDF-4858-B7D1-E6E7C6F80FE8}.Release|Any CPU.Build.0 = Release|Any CPU
		{7DFE2636-0640-4720-95EF-D2912760EB7F}.Debug|Any CPU.ActiveCfg = Debug|Any CPU
		{7DFE2636-0640-4720-95EF-D2912760EB7F}.Debug|Any CPU.Build.0 = Debug|Any CPU
		{7DFE2636-0640-4720-95EF-D2912760EB7F}.Release|Any CPU.ActiveCfg = Release|Any CPU
		{7DFE2636-0640-4720-95EF-D2912760EB7F}.Release|Any CPU.Build.0 = Release|Any CPU
		{CE8951A3-B647-45AB-BD4C-332741CCD63D}.Debug|Any CPU.ActiveCfg = Debug|Any CPU
		{CE8951A3-B647-45AB-BD4C-332741CCD63D}.Debug|Any CPU.Build.0 = Debug|Any CPU
		{CE8951A3-B647-45AB-BD4C-332741CCD63D}.Release|Any CPU.ActiveCfg = Release|Any CPU
		{CE8951A3-B647-45AB-BD4C-332741CCD63D}.Release|Any CPU.Build.0 = Release|Any CPU
		{AAB7FD12-8451-4580-8822-D100A7AA8178}.Debug|Any CPU.ActiveCfg = Debug|Any CPU
		{AAB7FD12-8451-4580-8822-D100A7AA8178}.Debug|Any CPU.Build.0 = Debug|Any CPU
		{AAB7FD12-8451-4580-8822-D100A7AA8178}.Release|Any CPU.ActiveCfg = Release|Any CPU
		{AAB7FD12-8451-4580-8822-D100A7AA8178}.Release|Any CPU.Build.0 = Release|Any CPU
		{3CD5E0AB-49CE-4259-B2D3-4C45C92FA0B3}.Debug|Any CPU.ActiveCfg = Debug|Any CPU
		{3CD5E0AB-49CE-4259-B2D3-4C45C92FA0B3}.Debug|Any CPU.Build.0 = Debug|Any CPU
		{3CD5E0AB-49CE-4259-B2D3-4C45C92FA0B3}.Release|Any CPU.ActiveCfg = Release|Any CPU
		{3CD5E0AB-49CE-4259-B2D3-4C45C92FA0B3}.Release|Any CPU.Build.0 = Release|Any CPU
		{15C3FD51-05D3-4DB4-B318-641E523E633A}.Debug|Any CPU.ActiveCfg = Debug|Any CPU
		{15C3FD51-05D3-4DB4-B318-641E523E633A}.Debug|Any CPU.Build.0 = Debug|Any CPU
		{15C3FD51-05D3-4DB4-B318-641E523E633A}.Release|Any CPU.ActiveCfg = Release|Any CPU
		{15C3FD51-05D3-4DB4-B318-641E523E633A}.Release|Any CPU.Build.0 = Release|Any CPU
		{115F0F61-A317-45F3-817D-F24996C3D1A6}.Debug|Any CPU.ActiveCfg = Debug|Any CPU
		{115F0F61-A317-45F3-817D-F24996C3D1A6}.Debug|Any CPU.Build.0 = Debug|Any CPU
		{115F0F61-A317-45F3-817D-F24996C3D1A6}.Release|Any CPU.ActiveCfg = Release|Any CPU
		{115F0F61-A317-45F3-817D-F24996C3D1A6}.Release|Any CPU.Build.0 = Release|Any CPU
		{316C487A-592F-4AF1-BC58-39A47B905900}.Debug|Any CPU.ActiveCfg = Debug|Any CPU
		{316C487A-592F-4AF1-BC58-39A47B905900}.Debug|Any CPU.Build.0 = Debug|Any CPU
		{316C487A-592F-4AF1-BC58-39A47B905900}.Release|Any CPU.ActiveCfg = Release|Any CPU
		{316C487A-592F-4AF1-BC58-39A47B905900}.Release|Any CPU.Build.0 = Release|Any CPU
		{F500D312-883D-4108-8290-CD515D6379E2}.Debug|Any CPU.ActiveCfg = Debug|Any CPU
		{F500D312-883D-4108-8290-CD515D6379E2}.Debug|Any CPU.Build.0 = Debug|Any CPU
		{F500D312-883D-4108-8290-CD515D6379E2}.Release|Any CPU.ActiveCfg = Release|Any CPU
		{F500D312-883D-4108-8290-CD515D6379E2}.Release|Any CPU.Build.0 = Release|Any CPU
		{1E12403D-FFD5-40ED-B2F3-8D0FF7E2500C}.Debug|Any CPU.ActiveCfg = Debug|Any CPU
		{1E12403D-FFD5-40ED-B2F3-8D0FF7E2500C}.Debug|Any CPU.Build.0 = Debug|Any CPU
		{1E12403D-FFD5-40ED-B2F3-8D0FF7E2500C}.Release|Any CPU.ActiveCfg = Release|Any CPU
		{1E12403D-FFD5-40ED-B2F3-8D0FF7E2500C}.Release|Any CPU.Build.0 = Release|Any CPU
	EndGlobalSection
	GlobalSection(SolutionProperties) = preSolution
		HideSolutionNode = FALSE
	EndGlobalSection
	GlobalSection(NestedProjects) = preSolution
		{112A2CA9-F96E-4705-85F1-11C23B379BB0} = {D0DC4089-388B-4922-841E-B747907001A1}
		{CD9CC1B0-AAE9-4FA0-B411-704D7CEC157C} = {D0DC4089-388B-4922-841E-B747907001A1}
		{8EFBEBA7-FB8E-4A79-927B-48F163A50598} = {D0DC4089-388B-4922-841E-B747907001A1}
		{338C9578-C101-4A95-BDCC-26327E85FB92} = {D0DC4089-388B-4922-841E-B747907001A1}
		{9A997478-6DC5-46B7-8A86-117DD6E35B1F} = {D0DC4089-388B-4922-841E-B747907001A1}
		{DC895987-3C1C-4EA1-8ACE-F9BC3F6EAB52} = {D0DC4089-388B-4922-841E-B747907001A1}
		{9603E7E9-5DEB-4760-8980-2A0483188623} = {D0DC4089-388B-4922-841E-B747907001A1}
		{D58C23FC-26B8-44F0-B18A-E612BE29BF26} = {479EFAB3-DE59-4CDA-AD17-43CAADDF61BF}
		{9ACF4BD0-8C44-4C06-8DEE-24C34733BB6C} = {479EFAB3-DE59-4CDA-AD17-43CAADDF61BF}
		{B65E2806-198B-4B3F-B3C1-453F1A9EC887} = {479EFAB3-DE59-4CDA-AD17-43CAADDF61BF}
		{BD716711-1B66-4EA6-8B2B-E9F089218A80} = {479EFAB3-DE59-4CDA-AD17-43CAADDF61BF}
		{C7D7DFFE-71D3-435A-A9F6-150C802E1009} = {479EFAB3-DE59-4CDA-AD17-43CAADDF61BF}
		{68162B69-3DDF-4858-B7D1-E6E7C6F80FE8} = {479EFAB3-DE59-4CDA-AD17-43CAADDF61BF}
		{7DFE2636-0640-4720-95EF-D2912760EB7F} = {479EFAB3-DE59-4CDA-AD17-43CAADDF61BF}
		{CE8951A3-B647-45AB-BD4C-332741CCD63D} = {479EFAB3-DE59-4CDA-AD17-43CAADDF61BF}
		{AAB7FD12-8451-4580-8822-D100A7AA8178} = {479EFAB3-DE59-4CDA-AD17-43CAADDF61BF}
		{3CD5E0AB-49CE-4259-B2D3-4C45C92FA0B3} = {479EFAB3-DE59-4CDA-AD17-43CAADDF61BF}
		{15C3FD51-05D3-4DB4-B318-641E523E633A} = {2099663B-F603-4E68-97EA-08B33EA371C5}
		{115F0F61-A317-45F3-817D-F24996C3D1A6} = {2099663B-F603-4E68-97EA-08B33EA371C5}
		{316C487A-592F-4AF1-BC58-39A47B905900} = {2099663B-F603-4E68-97EA-08B33EA371C5}
		{F500D312-883D-4108-8290-CD515D6379E2} = {2099663B-F603-4E68-97EA-08B33EA371C5}
		{1E12403D-FFD5-40ED-B2F3-8D0FF7E2500C} = {2099663B-F603-4E68-97EA-08B33EA371C5}
	EndGlobalSection
	GlobalSection(ExtensibilityGlobals) = postSolution
		SolutionGuid = {5242D99B-7568-41B6-91D5-FBE2E6732557}
	EndGlobalSection
EndGlobal
