
Microsoft Visual Studio Solution File, Format Version 12.00
# Visual Studio Version 17
VisualStudioVersion = 17.1.32210.238
MinimumVisualStudioVersion = 10.0.40219.1
Project("{9A19103F-16F7-4668-BE54-9A1E7A4F7556}") = "P01.ActionPoint", "P01.ActionPoint\P01.ActionPoint.csproj", "{7645F46F-E99E-4EFF-A2AA-03B89FD5EAA1}"
EndProject
Project("{9A19103F-16F7-4668-BE54-9A1E7A4F7556}") = "P02.KnightsOfHonor", "P02.KnightsOfHonor\P02.KnightsOfHonor.csproj", "{A99F3B73-3200-4D46-AAF0-E695C71A2C3D}"
EndProject
Project("{9A19103F-16F7-4668-BE54-9A1E7A4F7556}") = "P03.CustomMinFunction", "P03.CustomMinFunction\P03.CustomMinFunction.csproj", "{3D52E567-3101-4E6A-A7BC-D35B8D1AF8C7}"
EndProject
Project("{9A19103F-16F7-4668-BE54-9A1E7A4F7556}") = "P04.FindEvensOrOdds", "P04.FindEvensOrOdds\P04.FindEvensOrOdds.csproj", "{A78314B7-C488-4761-9B6C-6943634E1523}"
EndProject
Project("{9A19103F-16F7-4668-BE54-9A1E7A4F7556}") = "P05.AppliedArithmetics", "P05.AppliedArithmetics\P05.AppliedArithmetics.csproj", "{BE6D23A9-BD90-4A38-93BC-3A8600BC9835}"
EndProject
Project("{FAE04EC0-301F-11D3-BF4B-00C04F79EFBC}") = "P06.ReverseAndExclude", "P06.ReverseAndExclude\P06.ReverseAndExclude.csproj", "{7066CB44-DCB0-485A-8F87-68314C4ACF84}"
EndProject
Project("{FAE04EC0-301F-11D3-BF4B-00C04F79EFBC}") = "P07.PredicateForNames", "P07.PredicateForNames\P07.PredicateForNames.csproj", "{E5C86E6D-7672-485A-8441-45D3DC1A6160}"
EndProject
Project("{FAE04EC0-301F-11D3-BF4B-00C04F79EFBC}") = "P08.CustomComparator", "P08.CustomComparator\P08.CustomComparator.csproj", "{C31E5F7C-8186-488B-A52D-3D18F3210BC1}"
EndProject
Global
	GlobalSection(SolutionConfigurationPlatforms) = preSolution
		Debug|Any CPU = Debug|Any CPU
		Release|Any CPU = Release|Any CPU
	EndGlobalSection
	GlobalSection(ProjectConfigurationPlatforms) = postSolution
		{7645F46F-E99E-4EFF-A2AA-03B89FD5EAA1}.Debug|Any CPU.ActiveCfg = Debug|Any CPU
		{7645F46F-E99E-4EFF-A2AA-03B89FD5EAA1}.Debug|Any CPU.Build.0 = Debug|Any CPU
		{7645F46F-E99E-4EFF-A2AA-03B89FD5EAA1}.Release|Any CPU.ActiveCfg = Release|Any CPU
		{7645F46F-E99E-4EFF-A2AA-03B89FD5EAA1}.Release|Any CPU.Build.0 = Release|Any CPU
		{A99F3B73-3200-4D46-AAF0-E695C71A2C3D}.Debug|Any CPU.ActiveCfg = Debug|Any CPU
		{A99F3B73-3200-4D46-AAF0-E695C71A2C3D}.Debug|Any CPU.Build.0 = Debug|Any CPU
		{A99F3B73-3200-4D46-AAF0-E695C71A2C3D}.Release|Any CPU.ActiveCfg = Release|Any CPU
		{A99F3B73-3200-4D46-AAF0-E695C71A2C3D}.Release|Any CPU.Build.0 = Release|Any CPU
		{3D52E567-3101-4E6A-A7BC-D35B8D1AF8C7}.Debug|Any CPU.ActiveCfg = Debug|Any CPU
		{3D52E567-3101-4E6A-A7BC-D35B8D1AF8C7}.Debug|Any CPU.Build.0 = Debug|Any CPU
		{3D52E567-3101-4E6A-A7BC-D35B8D1AF8C7}.Release|Any CPU.ActiveCfg = Release|Any CPU
		{3D52E567-3101-4E6A-A7BC-D35B8D1AF8C7}.Release|Any CPU.Build.0 = Release|Any CPU
		{A78314B7-C488-4761-9B6C-6943634E1523}.Debug|Any CPU.ActiveCfg = Debug|Any CPU
		{A78314B7-C488-4761-9B6C-6943634E1523}.Debug|Any CPU.Build.0 = Debug|Any CPU
		{A78314B7-C488-4761-9B6C-6943634E1523}.Release|Any CPU.ActiveCfg = Release|Any CPU
		{A78314B7-C488-4761-9B6C-6943634E1523}.Release|Any CPU.Build.0 = Release|Any CPU
		{BE6D23A9-BD90-4A38-93BC-3A8600BC9835}.Debug|Any CPU.ActiveCfg = Debug|Any CPU
		{BE6D23A9-BD90-4A38-93BC-3A8600BC9835}.Debug|Any CPU.Build.0 = Debug|Any CPU
		{BE6D23A9-BD90-4A38-93BC-3A8600BC9835}.Release|Any CPU.ActiveCfg = Release|Any CPU
		{BE6D23A9-BD90-4A38-93BC-3A8600BC9835}.Release|Any CPU.Build.0 = Release|Any CPU
		{7066CB44-DCB0-485A-8F87-68314C4ACF84}.Debug|Any CPU.ActiveCfg = Debug|Any CPU
		{7066CB44-DCB0-485A-8F87-68314C4ACF84}.Debug|Any CPU.Build.0 = Debug|Any CPU
		{7066CB44-DCB0-485A-8F87-68314C4ACF84}.Release|Any CPU.ActiveCfg = Release|Any CPU
		{7066CB44-DCB0-485A-8F87-68314C4ACF84}.Release|Any CPU.Build.0 = Release|Any CPU
		{E5C86E6D-7672-485A-8441-45D3DC1A6160}.Debug|Any CPU.ActiveCfg = Debug|Any CPU
		{E5C86E6D-7672-485A-8441-45D3DC1A6160}.Debug|Any CPU.Build.0 = Debug|Any CPU
		{E5C86E6D-7672-485A-8441-45D3DC1A6160}.Release|Any CPU.ActiveCfg = Release|Any CPU
		{E5C86E6D-7672-485A-8441-45D3DC1A6160}.Release|Any CPU.Build.0 = Release|Any CPU
		{C31E5F7C-8186-488B-A52D-3D18F3210BC1}.Debug|Any CPU.ActiveCfg = Debug|Any CPU
		{C31E5F7C-8186-488B-A52D-3D18F3210BC1}.Debug|Any CPU.Build.0 = Debug|Any CPU
		{C31E5F7C-8186-488B-A52D-3D18F3210BC1}.Release|Any CPU.ActiveCfg = Release|Any CPU
		{C31E5F7C-8186-488B-A52D-3D18F3210BC1}.Release|Any CPU.Build.0 = Release|Any CPU
	EndGlobalSection
	GlobalSection(SolutionProperties) = preSolution
		HideSolutionNode = FALSE
	EndGlobalSection
	GlobalSection(ExtensibilityGlobals) = postSolution
		SolutionGuid = {5F46F7F3-D64A-459B-A704-58383B8D51D0}
	EndGlobalSection
EndGlobal
