
Microsoft Visual Studio Solution File, Format Version 12.00
# Visual Studio Version 16
VisualStudioVersion = 16.0.31005.135
MinimumVisualStudioVersion = 10.0.40219.1
Project("{2150E333-8FDC-42A3-9474-1A3956D46DE8}") = "Lab", "Lab", "{7C6C1EF6-ED17-4ECE-8AA9-5277E751FF5E}"
EndProject
Project("{2150E333-8FDC-42A3-9474-1A3956D46DE8}") = "Exercise", "Exercise", "{9A1C90CE-DA3B-42E4-8EC0-046BBE28B25F}"
EndProject
Project("{2150E333-8FDC-42A3-9474-1A3956D46DE8}") = "More Exercise", "More Exercise", "{6FED55E2-D4BC-4CC0-B833-936419F45FE6}"
EndProject
Project("{9A19103F-16F7-4668-BE54-9A1E7A4F7556}") = "DayOfWeek", "DayOfWeek\DayOfWeek.csproj", "{0EC93483-8C4D-49A6-BC6E-DDD149AEF9BD}"
EndProject
Project("{9A19103F-16F7-4668-BE54-9A1E7A4F7556}") = "PrintNumbersInReverseOrder", "PrintNumbersInReverseOrder\PrintNumbersInReverseOrder.csproj", "{6117B7CC-790C-4DDE-8A09-6C27BD25D098}"
EndProject
Project("{9A19103F-16F7-4668-BE54-9A1E7A4F7556}") = "RoundingNumbers", "RoundingNumbers\RoundingNumbers.csproj", "{FD488D8C-9383-4A10-9470-0B84588C6566}"
EndProject
Project("{9A19103F-16F7-4668-BE54-9A1E7A4F7556}") = "ReverseArrayOfStrings", "ReverseArrayOfStrings\ReverseArrayOfStrings.csproj", "{92B79BFA-AE96-4542-9099-B704A0A259A5}"
EndProject
Project("{9A19103F-16F7-4668-BE54-9A1E7A4F7556}") = "SumEvenNumbers", "SumEvenNumbers\SumEvenNumbers.csproj", "{0FAC6FD0-1467-4A56-B807-08F49444263A}"
EndProject
Project("{9A19103F-16F7-4668-BE54-9A1E7A4F7556}") = "EvenOddSubtraction", "EvenOddSubtraction\EvenOddSubtraction.csproj", "{6856E823-6A2A-43C3-9C73-70442F4FC5D5}"
EndProject
Project("{9A19103F-16F7-4668-BE54-9A1E7A4F7556}") = "EqualArrays", "EqualArrays\EqualArrays.csproj", "{2105B026-5FA3-42E1-B8EE-77774D80AEA8}"
EndProject
Project("{9A19103F-16F7-4668-BE54-9A1E7A4F7556}") = "CondenseArrayNumber", "CondenseArrayNumber\CondenseArrayNumber.csproj", "{A048DCC3-99F5-4EF0-A08A-F4813B14CCC5}"
EndProject
Project("{9A19103F-16F7-4668-BE54-9A1E7A4F7556}") = "Train", "Train\Train.csproj", "{D1CEF3E6-09FE-494D-B791-CABDF649D093}"
EndProject
Project("{9A19103F-16F7-4668-BE54-9A1E7A4F7556}") = "CommonElements", "CommonElements\CommonElements.csproj", "{9FEFE2D5-A3C1-42F4-8DB5-F6B10A89BA16}"
EndProject
Project("{9A19103F-16F7-4668-BE54-9A1E7A4F7556}") = "ZigZagArrays", "ZigZagArrays\ZigZagArrays.csproj", "{4589C2EA-60A3-4C9A-A6F3-684907A594A1}"
EndProject
Project("{9A19103F-16F7-4668-BE54-9A1E7A4F7556}") = "ArrayRotation", "ArrayRotation\ArrayRotation.csproj", "{005A0B84-97D2-4CCF-8D51-0233619A66D5}"
EndProject
Project("{FAE04EC0-301F-11D3-BF4B-00C04F79EFBC}") = "TopIntegers", "TopIntegers\TopIntegers.csproj", "{F7E4F7EE-9AE4-418B-9D09-595F407C971C}"
EndProject
Project("{FAE04EC0-301F-11D3-BF4B-00C04F79EFBC}") = "EqualSum", "EqualSum\EqualSum.csproj", "{F66093B3-2EF8-49E4-86DF-0BFC8A62CDF5}"
EndProject
Project("{FAE04EC0-301F-11D3-BF4B-00C04F79EFBC}") = "MaxSequenceEqualElements", "MaxSequenceEqualElements\MaxSequenceEqualElements.csproj", "{838E7286-DB1D-408E-9A90-979C8A47E60C}"
EndProject
Project("{FAE04EC0-301F-11D3-BF4B-00C04F79EFBC}") = "MagicSum", "MagicSum\MagicSum.csproj", "{3B8C055F-226C-41D8-8BA2-6E1000A3D48D}"
EndProject
Project("{FAE04EC0-301F-11D3-BF4B-00C04F79EFBC}") = "KaminoFactory", "KaminoFactory\KaminoFactory.csproj", "{7F6609E8-5CAB-4820-B5C4-D1B8F981C8EF}"
EndProject
Project("{FAE04EC0-301F-11D3-BF4B-00C04F79EFBC}") = "LadyBugs", "LadyBugs\LadyBugs.csproj", "{EB79EF26-DB15-45BA-94A6-5B8BD7E1BC0F}"
EndProject
Project("{FAE04EC0-301F-11D3-BF4B-00C04F79EFBC}") = "EncryptSortPrintArray", "EncryptSortPrintArray\EncryptSortPrintArray.csproj", "{099A3EDD-0AEC-4161-A2D0-F3538104818F}"
EndProject
Project("{FAE04EC0-301F-11D3-BF4B-00C04F79EFBC}") = "FoldSum", "FoldSum\FoldSum.csproj", "{FF14C60C-AAF0-4209-93BF-72501E4FE8EC}"
EndProject
Global
	GlobalSection(SolutionConfigurationPlatforms) = preSolution
		Debug|Any CPU = Debug|Any CPU
		Release|Any CPU = Release|Any CPU
	EndGlobalSection
	GlobalSection(ProjectConfigurationPlatforms) = postSolution
		{0EC93483-8C4D-49A6-BC6E-DDD149AEF9BD}.Debug|Any CPU.ActiveCfg = Debug|Any CPU
		{0EC93483-8C4D-49A6-BC6E-DDD149AEF9BD}.Debug|Any CPU.Build.0 = Debug|Any CPU
		{0EC93483-8C4D-49A6-BC6E-DDD149AEF9BD}.Release|Any CPU.ActiveCfg = Release|Any CPU
		{0EC93483-8C4D-49A6-BC6E-DDD149AEF9BD}.Release|Any CPU.Build.0 = Release|Any CPU
		{6117B7CC-790C-4DDE-8A09-6C27BD25D098}.Debug|Any CPU.ActiveCfg = Debug|Any CPU
		{6117B7CC-790C-4DDE-8A09-6C27BD25D098}.Debug|Any CPU.Build.0 = Debug|Any CPU
		{6117B7CC-790C-4DDE-8A09-6C27BD25D098}.Release|Any CPU.ActiveCfg = Release|Any CPU
		{6117B7CC-790C-4DDE-8A09-6C27BD25D098}.Release|Any CPU.Build.0 = Release|Any CPU
		{FD488D8C-9383-4A10-9470-0B84588C6566}.Debug|Any CPU.ActiveCfg = Debug|Any CPU
		{FD488D8C-9383-4A10-9470-0B84588C6566}.Debug|Any CPU.Build.0 = Debug|Any CPU
		{FD488D8C-9383-4A10-9470-0B84588C6566}.Release|Any CPU.ActiveCfg = Release|Any CPU
		{FD488D8C-9383-4A10-9470-0B84588C6566}.Release|Any CPU.Build.0 = Release|Any CPU
		{92B79BFA-AE96-4542-9099-B704A0A259A5}.Debug|Any CPU.ActiveCfg = Debug|Any CPU
		{92B79BFA-AE96-4542-9099-B704A0A259A5}.Debug|Any CPU.Build.0 = Debug|Any CPU
		{92B79BFA-AE96-4542-9099-B704A0A259A5}.Release|Any CPU.ActiveCfg = Release|Any CPU
		{92B79BFA-AE96-4542-9099-B704A0A259A5}.Release|Any CPU.Build.0 = Release|Any CPU
		{0FAC6FD0-1467-4A56-B807-08F49444263A}.Debug|Any CPU.ActiveCfg = Debug|Any CPU
		{0FAC6FD0-1467-4A56-B807-08F49444263A}.Debug|Any CPU.Build.0 = Debug|Any CPU
		{0FAC6FD0-1467-4A56-B807-08F49444263A}.Release|Any CPU.ActiveCfg = Release|Any CPU
		{0FAC6FD0-1467-4A56-B807-08F49444263A}.Release|Any CPU.Build.0 = Release|Any CPU
		{6856E823-6A2A-43C3-9C73-70442F4FC5D5}.Debug|Any CPU.ActiveCfg = Debug|Any CPU
		{6856E823-6A2A-43C3-9C73-70442F4FC5D5}.Debug|Any CPU.Build.0 = Debug|Any CPU
		{6856E823-6A2A-43C3-9C73-70442F4FC5D5}.Release|Any CPU.ActiveCfg = Release|Any CPU
		{6856E823-6A2A-43C3-9C73-70442F4FC5D5}.Release|Any CPU.Build.0 = Release|Any CPU
		{2105B026-5FA3-42E1-B8EE-77774D80AEA8}.Debug|Any CPU.ActiveCfg = Debug|Any CPU
		{2105B026-5FA3-42E1-B8EE-77774D80AEA8}.Debug|Any CPU.Build.0 = Debug|Any CPU
		{2105B026-5FA3-42E1-B8EE-77774D80AEA8}.Release|Any CPU.ActiveCfg = Release|Any CPU
		{2105B026-5FA3-42E1-B8EE-77774D80AEA8}.Release|Any CPU.Build.0 = Release|Any CPU
		{A048DCC3-99F5-4EF0-A08A-F4813B14CCC5}.Debug|Any CPU.ActiveCfg = Debug|Any CPU
		{A048DCC3-99F5-4EF0-A08A-F4813B14CCC5}.Debug|Any CPU.Build.0 = Debug|Any CPU
		{A048DCC3-99F5-4EF0-A08A-F4813B14CCC5}.Release|Any CPU.ActiveCfg = Release|Any CPU
		{A048DCC3-99F5-4EF0-A08A-F4813B14CCC5}.Release|Any CPU.Build.0 = Release|Any CPU
		{D1CEF3E6-09FE-494D-B791-CABDF649D093}.Debug|Any CPU.ActiveCfg = Debug|Any CPU
		{D1CEF3E6-09FE-494D-B791-CABDF649D093}.Debug|Any CPU.Build.0 = Debug|Any CPU
		{D1CEF3E6-09FE-494D-B791-CABDF649D093}.Release|Any CPU.ActiveCfg = Release|Any CPU
		{D1CEF3E6-09FE-494D-B791-CABDF649D093}.Release|Any CPU.Build.0 = Release|Any CPU
		{9FEFE2D5-A3C1-42F4-8DB5-F6B10A89BA16}.Debug|Any CPU.ActiveCfg = Debug|Any CPU
		{9FEFE2D5-A3C1-42F4-8DB5-F6B10A89BA16}.Debug|Any CPU.Build.0 = Debug|Any CPU
		{9FEFE2D5-A3C1-42F4-8DB5-F6B10A89BA16}.Release|Any CPU.ActiveCfg = Release|Any CPU
		{9FEFE2D5-A3C1-42F4-8DB5-F6B10A89BA16}.Release|Any CPU.Build.0 = Release|Any CPU
		{4589C2EA-60A3-4C9A-A6F3-684907A594A1}.Debug|Any CPU.ActiveCfg = Debug|Any CPU
		{4589C2EA-60A3-4C9A-A6F3-684907A594A1}.Debug|Any CPU.Build.0 = Debug|Any CPU
		{4589C2EA-60A3-4C9A-A6F3-684907A594A1}.Release|Any CPU.ActiveCfg = Release|Any CPU
		{4589C2EA-60A3-4C9A-A6F3-684907A594A1}.Release|Any CPU.Build.0 = Release|Any CPU
		{005A0B84-97D2-4CCF-8D51-0233619A66D5}.Debug|Any CPU.ActiveCfg = Debug|Any CPU
		{005A0B84-97D2-4CCF-8D51-0233619A66D5}.Debug|Any CPU.Build.0 = Debug|Any CPU
		{005A0B84-97D2-4CCF-8D51-0233619A66D5}.Release|Any CPU.ActiveCfg = Release|Any CPU
		{005A0B84-97D2-4CCF-8D51-0233619A66D5}.Release|Any CPU.Build.0 = Release|Any CPU
		{F7E4F7EE-9AE4-418B-9D09-595F407C971C}.Debug|Any CPU.ActiveCfg = Debug|Any CPU
		{F7E4F7EE-9AE4-418B-9D09-595F407C971C}.Debug|Any CPU.Build.0 = Debug|Any CPU
		{F7E4F7EE-9AE4-418B-9D09-595F407C971C}.Release|Any CPU.ActiveCfg = Release|Any CPU
		{F7E4F7EE-9AE4-418B-9D09-595F407C971C}.Release|Any CPU.Build.0 = Release|Any CPU
		{F66093B3-2EF8-49E4-86DF-0BFC8A62CDF5}.Debug|Any CPU.ActiveCfg = Debug|Any CPU
		{F66093B3-2EF8-49E4-86DF-0BFC8A62CDF5}.Debug|Any CPU.Build.0 = Debug|Any CPU
		{F66093B3-2EF8-49E4-86DF-0BFC8A62CDF5}.Release|Any CPU.ActiveCfg = Release|Any CPU
		{F66093B3-2EF8-49E4-86DF-0BFC8A62CDF5}.Release|Any CPU.Build.0 = Release|Any CPU
		{838E7286-DB1D-408E-9A90-979C8A47E60C}.Debug|Any CPU.ActiveCfg = Debug|Any CPU
		{838E7286-DB1D-408E-9A90-979C8A47E60C}.Debug|Any CPU.Build.0 = Debug|Any CPU
		{838E7286-DB1D-408E-9A90-979C8A47E60C}.Release|Any CPU.ActiveCfg = Release|Any CPU
		{838E7286-DB1D-408E-9A90-979C8A47E60C}.Release|Any CPU.Build.0 = Release|Any CPU
		{3B8C055F-226C-41D8-8BA2-6E1000A3D48D}.Debug|Any CPU.ActiveCfg = Debug|Any CPU
		{3B8C055F-226C-41D8-8BA2-6E1000A3D48D}.Debug|Any CPU.Build.0 = Debug|Any CPU
		{3B8C055F-226C-41D8-8BA2-6E1000A3D48D}.Release|Any CPU.ActiveCfg = Release|Any CPU
		{3B8C055F-226C-41D8-8BA2-6E1000A3D48D}.Release|Any CPU.Build.0 = Release|Any CPU
		{7F6609E8-5CAB-4820-B5C4-D1B8F981C8EF}.Debug|Any CPU.ActiveCfg = Debug|Any CPU
		{7F6609E8-5CAB-4820-B5C4-D1B8F981C8EF}.Debug|Any CPU.Build.0 = Debug|Any CPU
		{7F6609E8-5CAB-4820-B5C4-D1B8F981C8EF}.Release|Any CPU.ActiveCfg = Release|Any CPU
		{7F6609E8-5CAB-4820-B5C4-D1B8F981C8EF}.Release|Any CPU.Build.0 = Release|Any CPU
		{EB79EF26-DB15-45BA-94A6-5B8BD7E1BC0F}.Debug|Any CPU.ActiveCfg = Debug|Any CPU
		{EB79EF26-DB15-45BA-94A6-5B8BD7E1BC0F}.Debug|Any CPU.Build.0 = Debug|Any CPU
		{EB79EF26-DB15-45BA-94A6-5B8BD7E1BC0F}.Release|Any CPU.ActiveCfg = Release|Any CPU
		{EB79EF26-DB15-45BA-94A6-5B8BD7E1BC0F}.Release|Any CPU.Build.0 = Release|Any CPU
		{099A3EDD-0AEC-4161-A2D0-F3538104818F}.Debug|Any CPU.ActiveCfg = Debug|Any CPU
		{099A3EDD-0AEC-4161-A2D0-F3538104818F}.Debug|Any CPU.Build.0 = Debug|Any CPU
		{099A3EDD-0AEC-4161-A2D0-F3538104818F}.Release|Any CPU.ActiveCfg = Release|Any CPU
		{099A3EDD-0AEC-4161-A2D0-F3538104818F}.Release|Any CPU.Build.0 = Release|Any CPU
		{FF14C60C-AAF0-4209-93BF-72501E4FE8EC}.Debug|Any CPU.ActiveCfg = Debug|Any CPU
		{FF14C60C-AAF0-4209-93BF-72501E4FE8EC}.Debug|Any CPU.Build.0 = Debug|Any CPU
		{FF14C60C-AAF0-4209-93BF-72501E4FE8EC}.Release|Any CPU.ActiveCfg = Release|Any CPU
		{FF14C60C-AAF0-4209-93BF-72501E4FE8EC}.Release|Any CPU.Build.0 = Release|Any CPU
	EndGlobalSection
	GlobalSection(SolutionProperties) = preSolution
		HideSolutionNode = FALSE
	EndGlobalSection
	GlobalSection(NestedProjects) = preSolution
		{0EC93483-8C4D-49A6-BC6E-DDD149AEF9BD} = {7C6C1EF6-ED17-4ECE-8AA9-5277E751FF5E}
		{6117B7CC-790C-4DDE-8A09-6C27BD25D098} = {7C6C1EF6-ED17-4ECE-8AA9-5277E751FF5E}
		{FD488D8C-9383-4A10-9470-0B84588C6566} = {7C6C1EF6-ED17-4ECE-8AA9-5277E751FF5E}
		{92B79BFA-AE96-4542-9099-B704A0A259A5} = {7C6C1EF6-ED17-4ECE-8AA9-5277E751FF5E}
		{0FAC6FD0-1467-4A56-B807-08F49444263A} = {7C6C1EF6-ED17-4ECE-8AA9-5277E751FF5E}
		{6856E823-6A2A-43C3-9C73-70442F4FC5D5} = {7C6C1EF6-ED17-4ECE-8AA9-5277E751FF5E}
		{2105B026-5FA3-42E1-B8EE-77774D80AEA8} = {7C6C1EF6-ED17-4ECE-8AA9-5277E751FF5E}
		{A048DCC3-99F5-4EF0-A08A-F4813B14CCC5} = {7C6C1EF6-ED17-4ECE-8AA9-5277E751FF5E}
		{D1CEF3E6-09FE-494D-B791-CABDF649D093} = {9A1C90CE-DA3B-42E4-8EC0-046BBE28B25F}
		{9FEFE2D5-A3C1-42F4-8DB5-F6B10A89BA16} = {9A1C90CE-DA3B-42E4-8EC0-046BBE28B25F}
		{4589C2EA-60A3-4C9A-A6F3-684907A594A1} = {9A1C90CE-DA3B-42E4-8EC0-046BBE28B25F}
		{005A0B84-97D2-4CCF-8D51-0233619A66D5} = {9A1C90CE-DA3B-42E4-8EC0-046BBE28B25F}
		{F7E4F7EE-9AE4-418B-9D09-595F407C971C} = {9A1C90CE-DA3B-42E4-8EC0-046BBE28B25F}
		{F66093B3-2EF8-49E4-86DF-0BFC8A62CDF5} = {9A1C90CE-DA3B-42E4-8EC0-046BBE28B25F}
		{838E7286-DB1D-408E-9A90-979C8A47E60C} = {9A1C90CE-DA3B-42E4-8EC0-046BBE28B25F}
		{3B8C055F-226C-41D8-8BA2-6E1000A3D48D} = {9A1C90CE-DA3B-42E4-8EC0-046BBE28B25F}
		{7F6609E8-5CAB-4820-B5C4-D1B8F981C8EF} = {9A1C90CE-DA3B-42E4-8EC0-046BBE28B25F}
		{EB79EF26-DB15-45BA-94A6-5B8BD7E1BC0F} = {9A1C90CE-DA3B-42E4-8EC0-046BBE28B25F}
		{099A3EDD-0AEC-4161-A2D0-F3538104818F} = {6FED55E2-D4BC-4CC0-B833-936419F45FE6}
		{FF14C60C-AAF0-4209-93BF-72501E4FE8EC} = {6FED55E2-D4BC-4CC0-B833-936419F45FE6}
	EndGlobalSection
	GlobalSection(ExtensibilityGlobals) = postSolution
		SolutionGuid = {7FC8DADE-C23F-4D3E-871C-45CAEECD022D}
	EndGlobalSection
EndGlobal
