
Microsoft Visual Studio Solution File, Format Version 12.00
# Visual Studio Version 16
VisualStudioVersion = 16.0.31005.135
MinimumVisualStudioVersion = 10.0.40219.1
Project("{9A19103F-16F7-4668-BE54-9A1E7A4F7556}") = "ConvertMetersToKilometers", "ConvertMetersToKilometers\ConvertMetersToKilometers.csproj", "{85F71E42-3DE1-4A7E-9913-98F78088AB5E}"
EndProject
Project("{9A19103F-16F7-4668-BE54-9A1E7A4F7556}") = "PoundsToDollars", "PoundsToDollars\PoundsToDollars.csproj", "{B9BCFA15-AFA8-4674-86C5-C4E31EC0A241}"
EndProject
Project("{9A19103F-16F7-4668-BE54-9A1E7A4F7556}") = "ExactSumOfRealNumbers", "ExactSumOfRealNumbers\ExactSumOfRealNumbers.csproj", "{CC0098A6-223A-47E1-B2F3-D7E50041C8EB}"
EndProject
Project("{2150E333-8FDC-42A3-9474-1A3956D46DE8}") = "Lab", "Lab", "{9E266E65-EE8C-4E27-80C4-CD25208B32B8}"
EndProject
Project("{9A19103F-16F7-4668-BE54-9A1E7A4F7556}") = "CenturiesToMinutes", "CenturiesToMinutes\CenturiesToMinutes.csproj", "{126C34B1-08DA-43F2-96E5-2DABA4CC1A15}"
EndProject
Project("{9A19103F-16F7-4668-BE54-9A1E7A4F7556}") = "SpecialNumbers", "SpecialNumbers\SpecialNumbers.csproj", "{6F86BAFE-CA90-429C-B743-1693BBCEF7D3}"
EndProject
Project("{9A19103F-16F7-4668-BE54-9A1E7A4F7556}") = "ReversedChars", "ReversedChars\ReversedChars.csproj", "{6901E9B6-EF61-40EB-AB36-B13C5B654F51}"
EndProject
Project("{9A19103F-16F7-4668-BE54-9A1E7A4F7556}") = "ConcatNames", "ConcatNames\ConcatNames.csproj", "{B7C76966-272F-4F91-9BB3-5F85C1F79B1E}"
EndProject
Project("{9A19103F-16F7-4668-BE54-9A1E7A4F7556}") = "TownInfo", "TownInfo\TownInfo.csproj", "{C25231B1-A75B-4E07-8A5B-E9763390FD07}"
EndProject
Project("{9A19103F-16F7-4668-BE54-9A1E7A4F7556}") = "CharsToString", "CharsToString\CharsToString.csproj", "{6272EBAE-9684-4A13-ABAC-F2B34E4753E7}"
EndProject
Project("{9A19103F-16F7-4668-BE54-9A1E7A4F7556}") = "LowerOrUpper", "LowerOrUpper\LowerOrUpper.csproj", "{47A3590D-FA8A-4097-857B-386159F02FCE}"
EndProject
Project("{9A19103F-16F7-4668-BE54-9A1E7A4F7556}") = "RefactorVolumeOfPyramid", "RefactorVolumeOfPyramid\RefactorVolumeOfPyramid.csproj", "{9802B207-8D36-4413-AC6F-93C66B43F923}"
EndProject
Project("{9A19103F-16F7-4668-BE54-9A1E7A4F7556}") = "RefactorSpecialNumbers", "RefactorSpecialNumbers\RefactorSpecialNumbers.csproj", "{9FF0BF41-7539-4B21-8A02-14EF3398C023}"
EndProject
Project("{2150E333-8FDC-42A3-9474-1A3956D46DE8}") = "Exercise", "Exercise", "{28248468-E2CA-40A0-82CA-E652F7822EBD}"
EndProject
Project("{9A19103F-16F7-4668-BE54-9A1E7A4F7556}") = "IntegerOperations", "IntegerOperations\IntegerOperations.csproj", "{290E4450-2499-464C-92C1-C2A1700410D4}"
EndProject
Project("{9A19103F-16F7-4668-BE54-9A1E7A4F7556}") = "SumDigits", "SumDigits\SumDigits.csproj", "{F9DAD6A5-AC48-40A1-B24E-E405922EB582}"
EndProject
Project("{9A19103F-16F7-4668-BE54-9A1E7A4F7556}") = "Elevator", "Elevator\Elevator.csproj", "{D914C30F-C9CE-49E2-851F-3C61EACE0016}"
EndProject
Project("{9A19103F-16F7-4668-BE54-9A1E7A4F7556}") = "SumOfChars", "SumOfChars\SumOfChars.csproj", "{0B8C3C24-8BBE-4ACE-8137-76E28860D2A4}"
EndProject
Project("{9A19103F-16F7-4668-BE54-9A1E7A4F7556}") = "PrintPartOfASCIITable", "PrintPartOfASCIITable\PrintPartOfASCIITable.csproj", "{A75177D4-9C48-4A71-A144-7DC8F333014F}"
EndProject
Project("{9A19103F-16F7-4668-BE54-9A1E7A4F7556}") = "TriplesOfLatinLetters", "TriplesOfLatinLetters\TriplesOfLatinLetters.csproj", "{973D1004-54D4-42B4-A5D3-B9B2639ABC5C}"
EndProject
Project("{9A19103F-16F7-4668-BE54-9A1E7A4F7556}") = "Water Overflow", "Water Overflow\Water Overflow.csproj", "{AF8C563E-B312-43C2-9247-137D5FE31C68}"
EndProject
Project("{9A19103F-16F7-4668-BE54-9A1E7A4F7556}") = "BeerKegs", "BeerKegs\BeerKegs.csproj", "{13AB11D0-62B2-4829-BE6E-80F59E8FECA5}"
EndProject
Project("{9A19103F-16F7-4668-BE54-9A1E7A4F7556}") = "SpiceMustFlow", "SpiceMustFlow\SpiceMustFlow.csproj", "{D15B3AD4-9A73-4F14-9FE1-3221E35D1D99}"
EndProject
Project("{9A19103F-16F7-4668-BE54-9A1E7A4F7556}") = "Pokemon", "Pokemon\Pokemon.csproj", "{09678CAE-1F53-4E84-BF3B-3E49676D31B6}"
EndProject
Project("{9A19103F-16F7-4668-BE54-9A1E7A4F7556}") = "Snowballs", "Snowballs\Snowballs.csproj", "{3BD17C66-248D-4267-B606-95DA04A27E29}"
EndProject
Project("{2150E333-8FDC-42A3-9474-1A3956D46DE8}") = "MoreExercise", "MoreExercise", "{0DDDF4CA-848C-4E50-BE38-4997D499AFF3}"
EndProject
Project("{9A19103F-16F7-4668-BE54-9A1E7A4F7556}") = "DataTypeFinder", "DataTypeFinder\DataTypeFinder.csproj", "{57DFC116-769E-4529-B253-5AEC53BFAB86}"
EndProject
Project("{FAE04EC0-301F-11D3-BF4B-00C04F79EFBC}") = "FromLeftToTheRight", "FromLeftToTheRight\FromLeftToTheRight.csproj", "{6C33188A-332B-4822-B65D-CC646A5DB52F}"
EndProject
Project("{FAE04EC0-301F-11D3-BF4B-00C04F79EFBC}") = "FloatingEquality", "FloatingEquality\FloatingEquality.csproj", "{96412995-E6D8-4A2C-AB1D-92924267B651}"
EndProject
Project("{FAE04EC0-301F-11D3-BF4B-00C04F79EFBC}") = "RefactoringPrimeChecker", "RefactoringPrimeChecker\RefactoringPrimeChecker.csproj", "{8B960272-4649-4BB5-B82F-29A1EDF03C1A}"
EndProject
Project("{FAE04EC0-301F-11D3-BF4B-00C04F79EFBC}") = "DecryptingMessage", "DecryptingMessage\DecryptingMessage.csproj", "{46F36024-0758-4A8D-AD59-4F75F273D1A6}"
EndProject
Project("{FAE04EC0-301F-11D3-BF4B-00C04F79EFBC}") = "BalancedBrackets", "BalancedBrackets\BalancedBrackets.csproj", "{727F7421-E74A-41AB-BE8B-90346C2A1D09}"
EndProject
Global
	GlobalSection(SolutionConfigurationPlatforms) = preSolution
		Debug|Any CPU = Debug|Any CPU
		Release|Any CPU = Release|Any CPU
	EndGlobalSection
	GlobalSection(ProjectConfigurationPlatforms) = postSolution
		{85F71E42-3DE1-4A7E-9913-98F78088AB5E}.Debug|Any CPU.ActiveCfg = Debug|Any CPU
		{85F71E42-3DE1-4A7E-9913-98F78088AB5E}.Debug|Any CPU.Build.0 = Debug|Any CPU
		{85F71E42-3DE1-4A7E-9913-98F78088AB5E}.Release|Any CPU.ActiveCfg = Release|Any CPU
		{85F71E42-3DE1-4A7E-9913-98F78088AB5E}.Release|Any CPU.Build.0 = Release|Any CPU
		{B9BCFA15-AFA8-4674-86C5-C4E31EC0A241}.Debug|Any CPU.ActiveCfg = Debug|Any CPU
		{B9BCFA15-AFA8-4674-86C5-C4E31EC0A241}.Debug|Any CPU.Build.0 = Debug|Any CPU
		{B9BCFA15-AFA8-4674-86C5-C4E31EC0A241}.Release|Any CPU.ActiveCfg = Release|Any CPU
		{B9BCFA15-AFA8-4674-86C5-C4E31EC0A241}.Release|Any CPU.Build.0 = Release|Any CPU
		{CC0098A6-223A-47E1-B2F3-D7E50041C8EB}.Debug|Any CPU.ActiveCfg = Debug|Any CPU
		{CC0098A6-223A-47E1-B2F3-D7E50041C8EB}.Debug|Any CPU.Build.0 = Debug|Any CPU
		{CC0098A6-223A-47E1-B2F3-D7E50041C8EB}.Release|Any CPU.ActiveCfg = Release|Any CPU
		{CC0098A6-223A-47E1-B2F3-D7E50041C8EB}.Release|Any CPU.Build.0 = Release|Any CPU
		{126C34B1-08DA-43F2-96E5-2DABA4CC1A15}.Debug|Any CPU.ActiveCfg = Debug|Any CPU
		{126C34B1-08DA-43F2-96E5-2DABA4CC1A15}.Debug|Any CPU.Build.0 = Debug|Any CPU
		{126C34B1-08DA-43F2-96E5-2DABA4CC1A15}.Release|Any CPU.ActiveCfg = Release|Any CPU
		{126C34B1-08DA-43F2-96E5-2DABA4CC1A15}.Release|Any CPU.Build.0 = Release|Any CPU
		{6F86BAFE-CA90-429C-B743-1693BBCEF7D3}.Debug|Any CPU.ActiveCfg = Debug|Any CPU
		{6F86BAFE-CA90-429C-B743-1693BBCEF7D3}.Debug|Any CPU.Build.0 = Debug|Any CPU
		{6F86BAFE-CA90-429C-B743-1693BBCEF7D3}.Release|Any CPU.ActiveCfg = Release|Any CPU
		{6F86BAFE-CA90-429C-B743-1693BBCEF7D3}.Release|Any CPU.Build.0 = Release|Any CPU
		{6901E9B6-EF61-40EB-AB36-B13C5B654F51}.Debug|Any CPU.ActiveCfg = Debug|Any CPU
		{6901E9B6-EF61-40EB-AB36-B13C5B654F51}.Debug|Any CPU.Build.0 = Debug|Any CPU
		{6901E9B6-EF61-40EB-AB36-B13C5B654F51}.Release|Any CPU.ActiveCfg = Release|Any CPU
		{6901E9B6-EF61-40EB-AB36-B13C5B654F51}.Release|Any CPU.Build.0 = Release|Any CPU
		{B7C76966-272F-4F91-9BB3-5F85C1F79B1E}.Debug|Any CPU.ActiveCfg = Debug|Any CPU
		{B7C76966-272F-4F91-9BB3-5F85C1F79B1E}.Debug|Any CPU.Build.0 = Debug|Any CPU
		{B7C76966-272F-4F91-9BB3-5F85C1F79B1E}.Release|Any CPU.ActiveCfg = Release|Any CPU
		{B7C76966-272F-4F91-9BB3-5F85C1F79B1E}.Release|Any CPU.Build.0 = Release|Any CPU
		{C25231B1-A75B-4E07-8A5B-E9763390FD07}.Debug|Any CPU.ActiveCfg = Debug|Any CPU
		{C25231B1-A75B-4E07-8A5B-E9763390FD07}.Debug|Any CPU.Build.0 = Debug|Any CPU
		{C25231B1-A75B-4E07-8A5B-E9763390FD07}.Release|Any CPU.ActiveCfg = Release|Any CPU
		{C25231B1-A75B-4E07-8A5B-E9763390FD07}.Release|Any CPU.Build.0 = Release|Any CPU
		{6272EBAE-9684-4A13-ABAC-F2B34E4753E7}.Debug|Any CPU.ActiveCfg = Debug|Any CPU
		{6272EBAE-9684-4A13-ABAC-F2B34E4753E7}.Debug|Any CPU.Build.0 = Debug|Any CPU
		{6272EBAE-9684-4A13-ABAC-F2B34E4753E7}.Release|Any CPU.ActiveCfg = Release|Any CPU
		{6272EBAE-9684-4A13-ABAC-F2B34E4753E7}.Release|Any CPU.Build.0 = Release|Any CPU
		{47A3590D-FA8A-4097-857B-386159F02FCE}.Debug|Any CPU.ActiveCfg = Debug|Any CPU
		{47A3590D-FA8A-4097-857B-386159F02FCE}.Debug|Any CPU.Build.0 = Debug|Any CPU
		{47A3590D-FA8A-4097-857B-386159F02FCE}.Release|Any CPU.ActiveCfg = Release|Any CPU
		{47A3590D-FA8A-4097-857B-386159F02FCE}.Release|Any CPU.Build.0 = Release|Any CPU
		{9802B207-8D36-4413-AC6F-93C66B43F923}.Debug|Any CPU.ActiveCfg = Debug|Any CPU
		{9802B207-8D36-4413-AC6F-93C66B43F923}.Debug|Any CPU.Build.0 = Debug|Any CPU
		{9802B207-8D36-4413-AC6F-93C66B43F923}.Release|Any CPU.ActiveCfg = Release|Any CPU
		{9802B207-8D36-4413-AC6F-93C66B43F923}.Release|Any CPU.Build.0 = Release|Any CPU
		{9FF0BF41-7539-4B21-8A02-14EF3398C023}.Debug|Any CPU.ActiveCfg = Debug|Any CPU
		{9FF0BF41-7539-4B21-8A02-14EF3398C023}.Debug|Any CPU.Build.0 = Debug|Any CPU
		{9FF0BF41-7539-4B21-8A02-14EF3398C023}.Release|Any CPU.ActiveCfg = Release|Any CPU
		{9FF0BF41-7539-4B21-8A02-14EF3398C023}.Release|Any CPU.Build.0 = Release|Any CPU
		{290E4450-2499-464C-92C1-C2A1700410D4}.Debug|Any CPU.ActiveCfg = Debug|Any CPU
		{290E4450-2499-464C-92C1-C2A1700410D4}.Debug|Any CPU.Build.0 = Debug|Any CPU
		{290E4450-2499-464C-92C1-C2A1700410D4}.Release|Any CPU.ActiveCfg = Release|Any CPU
		{290E4450-2499-464C-92C1-C2A1700410D4}.Release|Any CPU.Build.0 = Release|Any CPU
		{F9DAD6A5-AC48-40A1-B24E-E405922EB582}.Debug|Any CPU.ActiveCfg = Debug|Any CPU
		{F9DAD6A5-AC48-40A1-B24E-E405922EB582}.Debug|Any CPU.Build.0 = Debug|Any CPU
		{F9DAD6A5-AC48-40A1-B24E-E405922EB582}.Release|Any CPU.ActiveCfg = Release|Any CPU
		{F9DAD6A5-AC48-40A1-B24E-E405922EB582}.Release|Any CPU.Build.0 = Release|Any CPU
		{D914C30F-C9CE-49E2-851F-3C61EACE0016}.Debug|Any CPU.ActiveCfg = Debug|Any CPU
		{D914C30F-C9CE-49E2-851F-3C61EACE0016}.Debug|Any CPU.Build.0 = Debug|Any CPU
		{D914C30F-C9CE-49E2-851F-3C61EACE0016}.Release|Any CPU.ActiveCfg = Release|Any CPU
		{D914C30F-C9CE-49E2-851F-3C61EACE0016}.Release|Any CPU.Build.0 = Release|Any CPU
		{0B8C3C24-8BBE-4ACE-8137-76E28860D2A4}.Debug|Any CPU.ActiveCfg = Debug|Any CPU
		{0B8C3C24-8BBE-4ACE-8137-76E28860D2A4}.Debug|Any CPU.Build.0 = Debug|Any CPU
		{0B8C3C24-8BBE-4ACE-8137-76E28860D2A4}.Release|Any CPU.ActiveCfg = Release|Any CPU
		{0B8C3C24-8BBE-4ACE-8137-76E28860D2A4}.Release|Any CPU.Build.0 = Release|Any CPU
		{A75177D4-9C48-4A71-A144-7DC8F333014F}.Debug|Any CPU.ActiveCfg = Debug|Any CPU
		{A75177D4-9C48-4A71-A144-7DC8F333014F}.Debug|Any CPU.Build.0 = Debug|Any CPU
		{A75177D4-9C48-4A71-A144-7DC8F333014F}.Release|Any CPU.ActiveCfg = Release|Any CPU
		{A75177D4-9C48-4A71-A144-7DC8F333014F}.Release|Any CPU.Build.0 = Release|Any CPU
		{973D1004-54D4-42B4-A5D3-B9B2639ABC5C}.Debug|Any CPU.ActiveCfg = Debug|Any CPU
		{973D1004-54D4-42B4-A5D3-B9B2639ABC5C}.Debug|Any CPU.Build.0 = Debug|Any CPU
		{973D1004-54D4-42B4-A5D3-B9B2639ABC5C}.Release|Any CPU.ActiveCfg = Release|Any CPU
		{973D1004-54D4-42B4-A5D3-B9B2639ABC5C}.Release|Any CPU.Build.0 = Release|Any CPU
		{AF8C563E-B312-43C2-9247-137D5FE31C68}.Debug|Any CPU.ActiveCfg = Debug|Any CPU
		{AF8C563E-B312-43C2-9247-137D5FE31C68}.Debug|Any CPU.Build.0 = Debug|Any CPU
		{AF8C563E-B312-43C2-9247-137D5FE31C68}.Release|Any CPU.ActiveCfg = Release|Any CPU
		{AF8C563E-B312-43C2-9247-137D5FE31C68}.Release|Any CPU.Build.0 = Release|Any CPU
		{13AB11D0-62B2-4829-BE6E-80F59E8FECA5}.Debug|Any CPU.ActiveCfg = Debug|Any CPU
		{13AB11D0-62B2-4829-BE6E-80F59E8FECA5}.Debug|Any CPU.Build.0 = Debug|Any CPU
		{13AB11D0-62B2-4829-BE6E-80F59E8FECA5}.Release|Any CPU.ActiveCfg = Release|Any CPU
		{13AB11D0-62B2-4829-BE6E-80F59E8FECA5}.Release|Any CPU.Build.0 = Release|Any CPU
		{D15B3AD4-9A73-4F14-9FE1-3221E35D1D99}.Debug|Any CPU.ActiveCfg = Debug|Any CPU
		{D15B3AD4-9A73-4F14-9FE1-3221E35D1D99}.Debug|Any CPU.Build.0 = Debug|Any CPU
		{D15B3AD4-9A73-4F14-9FE1-3221E35D1D99}.Release|Any CPU.ActiveCfg = Release|Any CPU
		{D15B3AD4-9A73-4F14-9FE1-3221E35D1D99}.Release|Any CPU.Build.0 = Release|Any CPU
		{09678CAE-1F53-4E84-BF3B-3E49676D31B6}.Debug|Any CPU.ActiveCfg = Debug|Any CPU
		{09678CAE-1F53-4E84-BF3B-3E49676D31B6}.Debug|Any CPU.Build.0 = Debug|Any CPU
		{09678CAE-1F53-4E84-BF3B-3E49676D31B6}.Release|Any CPU.ActiveCfg = Release|Any CPU
		{09678CAE-1F53-4E84-BF3B-3E49676D31B6}.Release|Any CPU.Build.0 = Release|Any CPU
		{3BD17C66-248D-4267-B606-95DA04A27E29}.Debug|Any CPU.ActiveCfg = Debug|Any CPU
		{3BD17C66-248D-4267-B606-95DA04A27E29}.Debug|Any CPU.Build.0 = Debug|Any CPU
		{3BD17C66-248D-4267-B606-95DA04A27E29}.Release|Any CPU.ActiveCfg = Release|Any CPU
		{3BD17C66-248D-4267-B606-95DA04A27E29}.Release|Any CPU.Build.0 = Release|Any CPU
		{57DFC116-769E-4529-B253-5AEC53BFAB86}.Debug|Any CPU.ActiveCfg = Debug|Any CPU
		{57DFC116-769E-4529-B253-5AEC53BFAB86}.Debug|Any CPU.Build.0 = Debug|Any CPU
		{57DFC116-769E-4529-B253-5AEC53BFAB86}.Release|Any CPU.ActiveCfg = Release|Any CPU
		{57DFC116-769E-4529-B253-5AEC53BFAB86}.Release|Any CPU.Build.0 = Release|Any CPU
		{6C33188A-332B-4822-B65D-CC646A5DB52F}.Debug|Any CPU.ActiveCfg = Debug|Any CPU
		{6C33188A-332B-4822-B65D-CC646A5DB52F}.Debug|Any CPU.Build.0 = Debug|Any CPU
		{6C33188A-332B-4822-B65D-CC646A5DB52F}.Release|Any CPU.ActiveCfg = Release|Any CPU
		{6C33188A-332B-4822-B65D-CC646A5DB52F}.Release|Any CPU.Build.0 = Release|Any CPU
		{96412995-E6D8-4A2C-AB1D-92924267B651}.Debug|Any CPU.ActiveCfg = Debug|Any CPU
		{96412995-E6D8-4A2C-AB1D-92924267B651}.Debug|Any CPU.Build.0 = Debug|Any CPU
		{96412995-E6D8-4A2C-AB1D-92924267B651}.Release|Any CPU.ActiveCfg = Release|Any CPU
		{96412995-E6D8-4A2C-AB1D-92924267B651}.Release|Any CPU.Build.0 = Release|Any CPU
		{8B960272-4649-4BB5-B82F-29A1EDF03C1A}.Debug|Any CPU.ActiveCfg = Debug|Any CPU
		{8B960272-4649-4BB5-B82F-29A1EDF03C1A}.Debug|Any CPU.Build.0 = Debug|Any CPU
		{8B960272-4649-4BB5-B82F-29A1EDF03C1A}.Release|Any CPU.ActiveCfg = Release|Any CPU
		{8B960272-4649-4BB5-B82F-29A1EDF03C1A}.Release|Any CPU.Build.0 = Release|Any CPU
		{46F36024-0758-4A8D-AD59-4F75F273D1A6}.Debug|Any CPU.ActiveCfg = Debug|Any CPU
		{46F36024-0758-4A8D-AD59-4F75F273D1A6}.Debug|Any CPU.Build.0 = Debug|Any CPU
		{46F36024-0758-4A8D-AD59-4F75F273D1A6}.Release|Any CPU.ActiveCfg = Release|Any CPU
		{46F36024-0758-4A8D-AD59-4F75F273D1A6}.Release|Any CPU.Build.0 = Release|Any CPU
		{727F7421-E74A-41AB-BE8B-90346C2A1D09}.Debug|Any CPU.ActiveCfg = Debug|Any CPU
		{727F7421-E74A-41AB-BE8B-90346C2A1D09}.Debug|Any CPU.Build.0 = Debug|Any CPU
		{727F7421-E74A-41AB-BE8B-90346C2A1D09}.Release|Any CPU.ActiveCfg = Release|Any CPU
		{727F7421-E74A-41AB-BE8B-90346C2A1D09}.Release|Any CPU.Build.0 = Release|Any CPU
	EndGlobalSection
	GlobalSection(SolutionProperties) = preSolution
		HideSolutionNode = FALSE
	EndGlobalSection
	GlobalSection(NestedProjects) = preSolution
		{85F71E42-3DE1-4A7E-9913-98F78088AB5E} = {9E266E65-EE8C-4E27-80C4-CD25208B32B8}
		{B9BCFA15-AFA8-4674-86C5-C4E31EC0A241} = {9E266E65-EE8C-4E27-80C4-CD25208B32B8}
		{CC0098A6-223A-47E1-B2F3-D7E50041C8EB} = {9E266E65-EE8C-4E27-80C4-CD25208B32B8}
		{126C34B1-08DA-43F2-96E5-2DABA4CC1A15} = {9E266E65-EE8C-4E27-80C4-CD25208B32B8}
		{6F86BAFE-CA90-429C-B743-1693BBCEF7D3} = {9E266E65-EE8C-4E27-80C4-CD25208B32B8}
		{6901E9B6-EF61-40EB-AB36-B13C5B654F51} = {9E266E65-EE8C-4E27-80C4-CD25208B32B8}
		{B7C76966-272F-4F91-9BB3-5F85C1F79B1E} = {9E266E65-EE8C-4E27-80C4-CD25208B32B8}
		{C25231B1-A75B-4E07-8A5B-E9763390FD07} = {9E266E65-EE8C-4E27-80C4-CD25208B32B8}
		{6272EBAE-9684-4A13-ABAC-F2B34E4753E7} = {9E266E65-EE8C-4E27-80C4-CD25208B32B8}
		{47A3590D-FA8A-4097-857B-386159F02FCE} = {9E266E65-EE8C-4E27-80C4-CD25208B32B8}
		{9802B207-8D36-4413-AC6F-93C66B43F923} = {9E266E65-EE8C-4E27-80C4-CD25208B32B8}
		{9FF0BF41-7539-4B21-8A02-14EF3398C023} = {9E266E65-EE8C-4E27-80C4-CD25208B32B8}
		{290E4450-2499-464C-92C1-C2A1700410D4} = {28248468-E2CA-40A0-82CA-E652F7822EBD}
		{F9DAD6A5-AC48-40A1-B24E-E405922EB582} = {28248468-E2CA-40A0-82CA-E652F7822EBD}
		{D914C30F-C9CE-49E2-851F-3C61EACE0016} = {28248468-E2CA-40A0-82CA-E652F7822EBD}
		{0B8C3C24-8BBE-4ACE-8137-76E28860D2A4} = {28248468-E2CA-40A0-82CA-E652F7822EBD}
		{A75177D4-9C48-4A71-A144-7DC8F333014F} = {28248468-E2CA-40A0-82CA-E652F7822EBD}
		{973D1004-54D4-42B4-A5D3-B9B2639ABC5C} = {28248468-E2CA-40A0-82CA-E652F7822EBD}
		{AF8C563E-B312-43C2-9247-137D5FE31C68} = {28248468-E2CA-40A0-82CA-E652F7822EBD}
		{13AB11D0-62B2-4829-BE6E-80F59E8FECA5} = {28248468-E2CA-40A0-82CA-E652F7822EBD}
		{D15B3AD4-9A73-4F14-9FE1-3221E35D1D99} = {28248468-E2CA-40A0-82CA-E652F7822EBD}
		{09678CAE-1F53-4E84-BF3B-3E49676D31B6} = {28248468-E2CA-40A0-82CA-E652F7822EBD}
		{3BD17C66-248D-4267-B606-95DA04A27E29} = {28248468-E2CA-40A0-82CA-E652F7822EBD}
		{57DFC116-769E-4529-B253-5AEC53BFAB86} = {0DDDF4CA-848C-4E50-BE38-4997D499AFF3}
		{6C33188A-332B-4822-B65D-CC646A5DB52F} = {0DDDF4CA-848C-4E50-BE38-4997D499AFF3}
		{96412995-E6D8-4A2C-AB1D-92924267B651} = {0DDDF4CA-848C-4E50-BE38-4997D499AFF3}
		{8B960272-4649-4BB5-B82F-29A1EDF03C1A} = {0DDDF4CA-848C-4E50-BE38-4997D499AFF3}
		{46F36024-0758-4A8D-AD59-4F75F273D1A6} = {0DDDF4CA-848C-4E50-BE38-4997D499AFF3}
		{727F7421-E74A-41AB-BE8B-90346C2A1D09} = {0DDDF4CA-848C-4E50-BE38-4997D499AFF3}
	EndGlobalSection
	GlobalSection(ExtensibilityGlobals) = postSolution
		SolutionGuid = {CEDC2230-AB35-4E7C-9C8D-0DB70F51763F}
	EndGlobalSection
EndGlobal
