
Microsoft Visual Studio Solution File, Format Version 12.00
# Visual Studio Version 17
VisualStudioVersion = 17.1.32210.238
MinimumVisualStudioVersion = 10.0.40219.1
Project("{FAE04EC0-301F-11D3-BF4B-00C04F79EFBC}") = "CustomList", "CustomList\CustomList.csproj", "{7AE866AF-BCEE-474E-8CA4-65ED72729EA1}"
EndProject
Project("{FAE04EC0-301F-11D3-BF4B-00C04F79EFBC}") = "CustomStack", "CustomStack\CustomStack.csproj", "{6EBC919F-061A-4AA7-A33D-6FA00C1142F4}"
EndProject
Project("{FAE04EC0-301F-11D3-BF4B-00C04F79EFBC}") = "CustomQueue", "CustomQueue\CustomQueue.csproj", "{452CD19D-1008-4780-8863-AF10130254B3}"
EndProject
Global
	GlobalSection(SolutionConfigurationPlatforms) = preSolution
		Debug|Any CPU = Debug|Any CPU
		Release|Any CPU = Release|Any CPU
	EndGlobalSection
	GlobalSection(ProjectConfigurationPlatforms) = postSolution
		{7AE866AF-BCEE-474E-8CA4-65ED72729EA1}.Debug|Any CPU.ActiveCfg = Debug|Any CPU
		{7AE866AF-BCEE-474E-8CA4-65ED72729EA1}.Debug|Any CPU.Build.0 = Debug|Any CPU
		{7AE866AF-BCEE-474E-8CA4-65ED72729EA1}.Release|Any CPU.ActiveCfg = Release|Any CPU
		{7AE866AF-BCEE-474E-8CA4-65ED72729EA1}.Release|Any CPU.Build.0 = Release|Any CPU
		{6EBC919F-061A-4AA7-A33D-6FA00C1142F4}.Debug|Any CPU.ActiveCfg = Debug|Any CPU
		{6EBC919F-061A-4AA7-A33D-6FA00C1142F4}.Debug|Any CPU.Build.0 = Debug|Any CPU
		{6EBC919F-061A-4AA7-A33D-6FA00C1142F4}.Release|Any CPU.ActiveCfg = Release|Any CPU
		{6EBC919F-061A-4AA7-A33D-6FA00C1142F4}.Release|Any CPU.Build.0 = Release|Any CPU
		{452CD19D-1008-4780-8863-AF10130254B3}.Debug|Any CPU.ActiveCfg = Debug|Any CPU
		{452CD19D-1008-4780-8863-AF10130254B3}.Debug|Any CPU.Build.0 = Debug|Any CPU
		{452CD19D-1008-4780-8863-AF10130254B3}.Release|Any CPU.ActiveCfg = Release|Any CPU
		{452CD19D-1008-4780-8863-AF10130254B3}.Release|Any CPU.Build.0 = Release|Any CPU
	EndGlobalSection
	GlobalSection(SolutionProperties) = preSolution
		HideSolutionNode = FALSE
	EndGlobalSection
	GlobalSection(ExtensibilityGlobals) = postSolution
		SolutionGuid = {BBCA2A77-5B93-4F77-BD72-E95A37E96592}
	EndGlobalSection
EndGlobal
