
Microsoft Visual Studio Solution File, Format Version 12.00
# Visual Studio Version 16
VisualStudioVersion = 16.0.31005.135
MinimumVisualStudioVersion = 10.0.40219.1
Project("{2150E333-8FDC-42A3-9474-1A3956D46DE8}") = "Lab", "Lab", "{5E5624A3-A88D-4FEB-9E95-12B3D31BED16}"
EndProject
Project("{2150E333-8FDC-42A3-9474-1A3956D46DE8}") = "Exercise", "Exercise", "{F1B1CFDF-C6F4-4985-A72A-4EB28B1957A3}"
EndProject
Project("{2150E333-8FDC-42A3-9474-1A3956D46DE8}") = "More Exercise", "More Exercise", "{0D831DAC-6668-4DDA-B541-E6CF175086BF}"
EndProject
Project("{9A19103F-16F7-4668-BE54-9A1E7A4F7556}") = "SignIntegerNumbers", "DeclaringInvokingMethods\SignIntegerNumbers.csproj", "{C61FF3C4-F365-45D4-B565-363C9E339442}"
EndProject
Project("{9A19103F-16F7-4668-BE54-9A1E7A4F7556}") = "Grades", "Grades\Grades.csproj", "{5A2E513D-3072-4E6C-9EF4-B219BFDB21A3}"
EndProject
Project("{9A19103F-16F7-4668-BE54-9A1E7A4F7556}") = "Calculations", "Calculations\Calculations.csproj", "{98C52B20-93DF-4FEA-BF5F-D0AF7A4BCF85}"
EndProject
Project("{9A19103F-16F7-4668-BE54-9A1E7A4F7556}") = "PrintingTriangle", "PrintingTriangle\PrintingTriangle.csproj", "{08FD8587-AFB9-4903-85E9-3A143115B1A0}"
EndProject
Project("{9A19103F-16F7-4668-BE54-9A1E7A4F7556}") = "Orders", "Orders\Orders.csproj", "{8844979F-8B9D-409C-8182-D2915FA5D5C4}"
EndProject
Project("{9A19103F-16F7-4668-BE54-9A1E7A4F7556}") = "CalculateRectangleArea", "CalculateRectangleArea\CalculateRectangleArea.csproj", "{1E9C2C61-6E55-4033-8F1B-784FC2EDB7FF}"
EndProject
Project("{9A19103F-16F7-4668-BE54-9A1E7A4F7556}") = "RepeatString", "RepeatString\RepeatString.csproj", "{C2FF27F5-F0D5-4692-85C7-CF0D534D02A5}"
EndProject
Project("{9A19103F-16F7-4668-BE54-9A1E7A4F7556}") = "MathPower", "MathPower\MathPower.csproj", "{E67AF23B-AE03-4249-A6D7-ACE7DB433901}"
EndProject
Project("{9A19103F-16F7-4668-BE54-9A1E7A4F7556}") = "GreaterTwoValues", "GreaterTwoValues\GreaterTwoValues.csproj", "{953B5745-45E6-4B15-8672-F839931630DF}"
EndProject
Project("{9A19103F-16F7-4668-BE54-9A1E7A4F7556}") = "MultiplyEvensOdds", "MultiplyEvensOdds\MultiplyEvensOdds.csproj", "{E3DA8D96-E631-47EB-903B-DD2652B9E605}"
EndProject
Project("{9A19103F-16F7-4668-BE54-9A1E7A4F7556}") = "MathOperations", "MathOperations\MathOperations.csproj", "{855DC7AC-B3EC-4C57-9A60-B8650F58516B}"
EndProject
Project("{9A19103F-16F7-4668-BE54-9A1E7A4F7556}") = "SmallestThreeNumbers", "SmallestThreeNumbers\SmallestThreeNumbers.csproj", "{4D10AB51-1090-4874-8D7D-A9AE4C28A52F}"
EndProject
Project("{9A19103F-16F7-4668-BE54-9A1E7A4F7556}") = "VowelsCount", "VowelsCount\VowelsCount.csproj", "{1B8AFAB6-6FDE-4363-A887-2D93106FFBC8}"
EndProject
Project("{9A19103F-16F7-4668-BE54-9A1E7A4F7556}") = "CharactersInRange", "CharactersInRange\CharactersInRange.csproj", "{6A217033-B962-40DF-8812-B901EF2DF19E}"
EndProject
Project("{9A19103F-16F7-4668-BE54-9A1E7A4F7556}") = "PasswordValidator", "PasswordValidator\PasswordValidator.csproj", "{4B9AADB4-BE80-4F27-AB47-8F8BCA1671D9}"
EndProject
Project("{9A19103F-16F7-4668-BE54-9A1E7A4F7556}") = "AddAndSubtract", "AddAndSubtract\AddAndSubtract.csproj", "{AFDA5426-8497-4DF1-815D-01E49D5B0CEA}"
EndProject
Project("{9A19103F-16F7-4668-BE54-9A1E7A4F7556}") = "MiddleCharacters", "MiddleCharacters\MiddleCharacters.csproj", "{B02168DD-4D34-457F-BBFE-53518458125C}"
EndProject
Project("{9A19103F-16F7-4668-BE54-9A1E7A4F7556}") = "NxNMatrix", "NxNMatrix\NxNMatrix.csproj", "{CBAF22F5-1F1B-4A4D-A579-61FA04EC1A87}"
EndProject
Project("{9A19103F-16F7-4668-BE54-9A1E7A4F7556}") = "FactorialDivision", "FactorialDivision\FactorialDivision.csproj", "{26F727AA-A57B-41E0-B3ED-EF98DF70461E}"
EndProject
Project("{9A19103F-16F7-4668-BE54-9A1E7A4F7556}") = "PalindromeIntegers", "PalindromeIntegers\PalindromeIntegers.csproj", "{86D702E1-6C93-4ADB-847B-43673F30EDAE}"
EndProject
Project("{9A19103F-16F7-4668-BE54-9A1E7A4F7556}") = "TopNumber", "TopNumber\TopNumber.csproj", "{59CD4B35-55C7-4F5D-B343-8A8BFBC5773C}"
EndProject
Project("{9A19103F-16F7-4668-BE54-9A1E7A4F7556}") = "DataTypes", "DataTypes\DataTypes.csproj", "{E30DFE15-CF16-400F-8CFB-FE744D84FECB}"
EndProject
Project("{9A19103F-16F7-4668-BE54-9A1E7A4F7556}") = "CenterPoint", "CenterPoint\CenterPoint.csproj", "{12EE8E8A-3A36-464F-AA1B-5D6B0281C2DD}"
EndProject
Project("{FAE04EC0-301F-11D3-BF4B-00C04F79EFBC}") = "LongerLine", "LongerLine\LongerLine.csproj", "{4785DCFB-5C1B-43CF-82A5-13779CCD0B5B}"
EndProject
Project("{FAE04EC0-301F-11D3-BF4B-00C04F79EFBC}") = "TribonacciSequence", "TribonacciSequence\TribonacciSequence.csproj", "{714BA725-FACB-48A7-A8B2-7D62D251AF78}"
EndProject
Project("{FAE04EC0-301F-11D3-BF4B-00C04F79EFBC}") = "MultiplicationSign", "MultiplicationSign\MultiplicationSign.csproj", "{81BBDE0B-F3D4-48C1-87EF-8FA0875A23EF}"
EndProject
Global
	GlobalSection(SolutionConfigurationPlatforms) = preSolution
		Debug|Any CPU = Debug|Any CPU
		Release|Any CPU = Release|Any CPU
	EndGlobalSection
	GlobalSection(ProjectConfigurationPlatforms) = postSolution
		{C61FF3C4-F365-45D4-B565-363C9E339442}.Debug|Any CPU.ActiveCfg = Debug|Any CPU
		{C61FF3C4-F365-45D4-B565-363C9E339442}.Debug|Any CPU.Build.0 = Debug|Any CPU
		{C61FF3C4-F365-45D4-B565-363C9E339442}.Release|Any CPU.ActiveCfg = Release|Any CPU
		{C61FF3C4-F365-45D4-B565-363C9E339442}.Release|Any CPU.Build.0 = Release|Any CPU
		{5A2E513D-3072-4E6C-9EF4-B219BFDB21A3}.Debug|Any CPU.ActiveCfg = Debug|Any CPU
		{5A2E513D-3072-4E6C-9EF4-B219BFDB21A3}.Debug|Any CPU.Build.0 = Debug|Any CPU
		{5A2E513D-3072-4E6C-9EF4-B219BFDB21A3}.Release|Any CPU.ActiveCfg = Release|Any CPU
		{5A2E513D-3072-4E6C-9EF4-B219BFDB21A3}.Release|Any CPU.Build.0 = Release|Any CPU
		{98C52B20-93DF-4FEA-BF5F-D0AF7A4BCF85}.Debug|Any CPU.ActiveCfg = Debug|Any CPU
		{98C52B20-93DF-4FEA-BF5F-D0AF7A4BCF85}.Debug|Any CPU.Build.0 = Debug|Any CPU
		{98C52B20-93DF-4FEA-BF5F-D0AF7A4BCF85}.Release|Any CPU.ActiveCfg = Release|Any CPU
		{98C52B20-93DF-4FEA-BF5F-D0AF7A4BCF85}.Release|Any CPU.Build.0 = Release|Any CPU
		{08FD8587-AFB9-4903-85E9-3A143115B1A0}.Debug|Any CPU.ActiveCfg = Debug|Any CPU
		{08FD8587-AFB9-4903-85E9-3A143115B1A0}.Debug|Any CPU.Build.0 = Debug|Any CPU
		{08FD8587-AFB9-4903-85E9-3A143115B1A0}.Release|Any CPU.ActiveCfg = Release|Any CPU
		{08FD8587-AFB9-4903-85E9-3A143115B1A0}.Release|Any CPU.Build.0 = Release|Any CPU
		{8844979F-8B9D-409C-8182-D2915FA5D5C4}.Debug|Any CPU.ActiveCfg = Debug|Any CPU
		{8844979F-8B9D-409C-8182-D2915FA5D5C4}.Debug|Any CPU.Build.0 = Debug|Any CPU
		{8844979F-8B9D-409C-8182-D2915FA5D5C4}.Release|Any CPU.ActiveCfg = Release|Any CPU
		{8844979F-8B9D-409C-8182-D2915FA5D5C4}.Release|Any CPU.Build.0 = Release|Any CPU
		{1E9C2C61-6E55-4033-8F1B-784FC2EDB7FF}.Debug|Any CPU.ActiveCfg = Debug|Any CPU
		{1E9C2C61-6E55-4033-8F1B-784FC2EDB7FF}.Debug|Any CPU.Build.0 = Debug|Any CPU
		{1E9C2C61-6E55-4033-8F1B-784FC2EDB7FF}.Release|Any CPU.ActiveCfg = Release|Any CPU
		{1E9C2C61-6E55-4033-8F1B-784FC2EDB7FF}.Release|Any CPU.Build.0 = Release|Any CPU
		{C2FF27F5-F0D5-4692-85C7-CF0D534D02A5}.Debug|Any CPU.ActiveCfg = Debug|Any CPU
		{C2FF27F5-F0D5-4692-85C7-CF0D534D02A5}.Debug|Any CPU.Build.0 = Debug|Any CPU
		{C2FF27F5-F0D5-4692-85C7-CF0D534D02A5}.Release|Any CPU.ActiveCfg = Release|Any CPU
		{C2FF27F5-F0D5-4692-85C7-CF0D534D02A5}.Release|Any CPU.Build.0 = Release|Any CPU
		{E67AF23B-AE03-4249-A6D7-ACE7DB433901}.Debug|Any CPU.ActiveCfg = Debug|Any CPU
		{E67AF23B-AE03-4249-A6D7-ACE7DB433901}.Debug|Any CPU.Build.0 = Debug|Any CPU
		{E67AF23B-AE03-4249-A6D7-ACE7DB433901}.Release|Any CPU.ActiveCfg = Release|Any CPU
		{E67AF23B-AE03-4249-A6D7-ACE7DB433901}.Release|Any CPU.Build.0 = Release|Any CPU
		{953B5745-45E6-4B15-8672-F839931630DF}.Debug|Any CPU.ActiveCfg = Debug|Any CPU
		{953B5745-45E6-4B15-8672-F839931630DF}.Debug|Any CPU.Build.0 = Debug|Any CPU
		{953B5745-45E6-4B15-8672-F839931630DF}.Release|Any CPU.ActiveCfg = Release|Any CPU
		{953B5745-45E6-4B15-8672-F839931630DF}.Release|Any CPU.Build.0 = Release|Any CPU
		{E3DA8D96-E631-47EB-903B-DD2652B9E605}.Debug|Any CPU.ActiveCfg = Debug|Any CPU
		{E3DA8D96-E631-47EB-903B-DD2652B9E605}.Debug|Any CPU.Build.0 = Debug|Any CPU
		{E3DA8D96-E631-47EB-903B-DD2652B9E605}.Release|Any CPU.ActiveCfg = Release|Any CPU
		{E3DA8D96-E631-47EB-903B-DD2652B9E605}.Release|Any CPU.Build.0 = Release|Any CPU
		{855DC7AC-B3EC-4C57-9A60-B8650F58516B}.Debug|Any CPU.ActiveCfg = Debug|Any CPU
		{855DC7AC-B3EC-4C57-9A60-B8650F58516B}.Debug|Any CPU.Build.0 = Debug|Any CPU
		{855DC7AC-B3EC-4C57-9A60-B8650F58516B}.Release|Any CPU.ActiveCfg = Release|Any CPU
		{855DC7AC-B3EC-4C57-9A60-B8650F58516B}.Release|Any CPU.Build.0 = Release|Any CPU
		{4D10AB51-1090-4874-8D7D-A9AE4C28A52F}.Debug|Any CPU.ActiveCfg = Debug|Any CPU
		{4D10AB51-1090-4874-8D7D-A9AE4C28A52F}.Debug|Any CPU.Build.0 = Debug|Any CPU
		{4D10AB51-1090-4874-8D7D-A9AE4C28A52F}.Release|Any CPU.ActiveCfg = Release|Any CPU
		{4D10AB51-1090-4874-8D7D-A9AE4C28A52F}.Release|Any CPU.Build.0 = Release|Any CPU
		{1B8AFAB6-6FDE-4363-A887-2D93106FFBC8}.Debug|Any CPU.ActiveCfg = Debug|Any CPU
		{1B8AFAB6-6FDE-4363-A887-2D93106FFBC8}.Debug|Any CPU.Build.0 = Debug|Any CPU
		{1B8AFAB6-6FDE-4363-A887-2D93106FFBC8}.Release|Any CPU.ActiveCfg = Release|Any CPU
		{1B8AFAB6-6FDE-4363-A887-2D93106FFBC8}.Release|Any CPU.Build.0 = Release|Any CPU
		{6A217033-B962-40DF-8812-B901EF2DF19E}.Debug|Any CPU.ActiveCfg = Debug|Any CPU
		{6A217033-B962-40DF-8812-B901EF2DF19E}.Debug|Any CPU.Build.0 = Debug|Any CPU
		{6A217033-B962-40DF-8812-B901EF2DF19E}.Release|Any CPU.ActiveCfg = Release|Any CPU
		{6A217033-B962-40DF-8812-B901EF2DF19E}.Release|Any CPU.Build.0 = Release|Any CPU
		{4B9AADB4-BE80-4F27-AB47-8F8BCA1671D9}.Debug|Any CPU.ActiveCfg = Debug|Any CPU
		{4B9AADB4-BE80-4F27-AB47-8F8BCA1671D9}.Debug|Any CPU.Build.0 = Debug|Any CPU
		{4B9AADB4-BE80-4F27-AB47-8F8BCA1671D9}.Release|Any CPU.ActiveCfg = Release|Any CPU
		{4B9AADB4-BE80-4F27-AB47-8F8BCA1671D9}.Release|Any CPU.Build.0 = Release|Any CPU
		{AFDA5426-8497-4DF1-815D-01E49D5B0CEA}.Debug|Any CPU.ActiveCfg = Debug|Any CPU
		{AFDA5426-8497-4DF1-815D-01E49D5B0CEA}.Debug|Any CPU.Build.0 = Debug|Any CPU
		{AFDA5426-8497-4DF1-815D-01E49D5B0CEA}.Release|Any CPU.ActiveCfg = Release|Any CPU
		{AFDA5426-8497-4DF1-815D-01E49D5B0CEA}.Release|Any CPU.Build.0 = Release|Any CPU
		{B02168DD-4D34-457F-BBFE-53518458125C}.Debug|Any CPU.ActiveCfg = Debug|Any CPU
		{B02168DD-4D34-457F-BBFE-53518458125C}.Debug|Any CPU.Build.0 = Debug|Any CPU
		{B02168DD-4D34-457F-BBFE-53518458125C}.Release|Any CPU.ActiveCfg = Release|Any CPU
		{B02168DD-4D34-457F-BBFE-53518458125C}.Release|Any CPU.Build.0 = Release|Any CPU
		{CBAF22F5-1F1B-4A4D-A579-61FA04EC1A87}.Debug|Any CPU.ActiveCfg = Debug|Any CPU
		{CBAF22F5-1F1B-4A4D-A579-61FA04EC1A87}.Debug|Any CPU.Build.0 = Debug|Any CPU
		{CBAF22F5-1F1B-4A4D-A579-61FA04EC1A87}.Release|Any CPU.ActiveCfg = Release|Any CPU
		{CBAF22F5-1F1B-4A4D-A579-61FA04EC1A87}.Release|Any CPU.Build.0 = Release|Any CPU
		{26F727AA-A57B-41E0-B3ED-EF98DF70461E}.Debug|Any CPU.ActiveCfg = Debug|Any CPU
		{26F727AA-A57B-41E0-B3ED-EF98DF70461E}.Debug|Any CPU.Build.0 = Debug|Any CPU
		{26F727AA-A57B-41E0-B3ED-EF98DF70461E}.Release|Any CPU.ActiveCfg = Release|Any CPU
		{26F727AA-A57B-41E0-B3ED-EF98DF70461E}.Release|Any CPU.Build.0 = Release|Any CPU
		{86D702E1-6C93-4ADB-847B-43673F30EDAE}.Debug|Any CPU.ActiveCfg = Debug|Any CPU
		{86D702E1-6C93-4ADB-847B-43673F30EDAE}.Debug|Any CPU.Build.0 = Debug|Any CPU
		{86D702E1-6C93-4ADB-847B-43673F30EDAE}.Release|Any CPU.ActiveCfg = Release|Any CPU
		{86D702E1-6C93-4ADB-847B-43673F30EDAE}.Release|Any CPU.Build.0 = Release|Any CPU
		{59CD4B35-55C7-4F5D-B343-8A8BFBC5773C}.Debug|Any CPU.ActiveCfg = Debug|Any CPU
		{59CD4B35-55C7-4F5D-B343-8A8BFBC5773C}.Debug|Any CPU.Build.0 = Debug|Any CPU
		{59CD4B35-55C7-4F5D-B343-8A8BFBC5773C}.Release|Any CPU.ActiveCfg = Release|Any CPU
		{59CD4B35-55C7-4F5D-B343-8A8BFBC5773C}.Release|Any CPU.Build.0 = Release|Any CPU
		{E30DFE15-CF16-400F-8CFB-FE744D84FECB}.Debug|Any CPU.ActiveCfg = Debug|Any CPU
		{E30DFE15-CF16-400F-8CFB-FE744D84FECB}.Debug|Any CPU.Build.0 = Debug|Any CPU
		{E30DFE15-CF16-400F-8CFB-FE744D84FECB}.Release|Any CPU.ActiveCfg = Release|Any CPU
		{E30DFE15-CF16-400F-8CFB-FE744D84FECB}.Release|Any CPU.Build.0 = Release|Any CPU
		{12EE8E8A-3A36-464F-AA1B-5D6B0281C2DD}.Debug|Any CPU.ActiveCfg = Debug|Any CPU
		{12EE8E8A-3A36-464F-AA1B-5D6B0281C2DD}.Debug|Any CPU.Build.0 = Debug|Any CPU
		{12EE8E8A-3A36-464F-AA1B-5D6B0281C2DD}.Release|Any CPU.ActiveCfg = Release|Any CPU
		{12EE8E8A-3A36-464F-AA1B-5D6B0281C2DD}.Release|Any CPU.Build.0 = Release|Any CPU
		{4785DCFB-5C1B-43CF-82A5-13779CCD0B5B}.Debug|Any CPU.ActiveCfg = Debug|Any CPU
		{4785DCFB-5C1B-43CF-82A5-13779CCD0B5B}.Debug|Any CPU.Build.0 = Debug|Any CPU
		{4785DCFB-5C1B-43CF-82A5-13779CCD0B5B}.Release|Any CPU.ActiveCfg = Release|Any CPU
		{4785DCFB-5C1B-43CF-82A5-13779CCD0B5B}.Release|Any CPU.Build.0 = Release|Any CPU
		{714BA725-FACB-48A7-A8B2-7D62D251AF78}.Debug|Any CPU.ActiveCfg = Debug|Any CPU
		{714BA725-FACB-48A7-A8B2-7D62D251AF78}.Debug|Any CPU.Build.0 = Debug|Any CPU
		{714BA725-FACB-48A7-A8B2-7D62D251AF78}.Release|Any CPU.ActiveCfg = Release|Any CPU
		{714BA725-FACB-48A7-A8B2-7D62D251AF78}.Release|Any CPU.Build.0 = Release|Any CPU
		{81BBDE0B-F3D4-48C1-87EF-8FA0875A23EF}.Debug|Any CPU.ActiveCfg = Debug|Any CPU
		{81BBDE0B-F3D4-48C1-87EF-8FA0875A23EF}.Debug|Any CPU.Build.0 = Debug|Any CPU
		{81BBDE0B-F3D4-48C1-87EF-8FA0875A23EF}.Release|Any CPU.ActiveCfg = Release|Any CPU
		{81BBDE0B-F3D4-48C1-87EF-8FA0875A23EF}.Release|Any CPU.Build.0 = Release|Any CPU
	EndGlobalSection
	GlobalSection(SolutionProperties) = preSolution
		HideSolutionNode = FALSE
	EndGlobalSection
	GlobalSection(NestedProjects) = preSolution
		{C61FF3C4-F365-45D4-B565-363C9E339442} = {5E5624A3-A88D-4FEB-9E95-12B3D31BED16}
		{5A2E513D-3072-4E6C-9EF4-B219BFDB21A3} = {5E5624A3-A88D-4FEB-9E95-12B3D31BED16}
		{98C52B20-93DF-4FEA-BF5F-D0AF7A4BCF85} = {5E5624A3-A88D-4FEB-9E95-12B3D31BED16}
		{08FD8587-AFB9-4903-85E9-3A143115B1A0} = {5E5624A3-A88D-4FEB-9E95-12B3D31BED16}
		{8844979F-8B9D-409C-8182-D2915FA5D5C4} = {5E5624A3-A88D-4FEB-9E95-12B3D31BED16}
		{1E9C2C61-6E55-4033-8F1B-784FC2EDB7FF} = {5E5624A3-A88D-4FEB-9E95-12B3D31BED16}
		{C2FF27F5-F0D5-4692-85C7-CF0D534D02A5} = {5E5624A3-A88D-4FEB-9E95-12B3D31BED16}
		{E67AF23B-AE03-4249-A6D7-ACE7DB433901} = {5E5624A3-A88D-4FEB-9E95-12B3D31BED16}
		{953B5745-45E6-4B15-8672-F839931630DF} = {5E5624A3-A88D-4FEB-9E95-12B3D31BED16}
		{E3DA8D96-E631-47EB-903B-DD2652B9E605} = {5E5624A3-A88D-4FEB-9E95-12B3D31BED16}
		{855DC7AC-B3EC-4C57-9A60-B8650F58516B} = {5E5624A3-A88D-4FEB-9E95-12B3D31BED16}
		{4D10AB51-1090-4874-8D7D-A9AE4C28A52F} = {F1B1CFDF-C6F4-4985-A72A-4EB28B1957A3}
		{1B8AFAB6-6FDE-4363-A887-2D93106FFBC8} = {F1B1CFDF-C6F4-4985-A72A-4EB28B1957A3}
		{6A217033-B962-40DF-8812-B901EF2DF19E} = {F1B1CFDF-C6F4-4985-A72A-4EB28B1957A3}
		{4B9AADB4-BE80-4F27-AB47-8F8BCA1671D9} = {F1B1CFDF-C6F4-4985-A72A-4EB28B1957A3}
		{AFDA5426-8497-4DF1-815D-01E49D5B0CEA} = {F1B1CFDF-C6F4-4985-A72A-4EB28B1957A3}
		{B02168DD-4D34-457F-BBFE-53518458125C} = {F1B1CFDF-C6F4-4985-A72A-4EB28B1957A3}
		{CBAF22F5-1F1B-4A4D-A579-61FA04EC1A87} = {F1B1CFDF-C6F4-4985-A72A-4EB28B1957A3}
		{26F727AA-A57B-41E0-B3ED-EF98DF70461E} = {F1B1CFDF-C6F4-4985-A72A-4EB28B1957A3}
		{86D702E1-6C93-4ADB-847B-43673F30EDAE} = {F1B1CFDF-C6F4-4985-A72A-4EB28B1957A3}
		{59CD4B35-55C7-4F5D-B343-8A8BFBC5773C} = {F1B1CFDF-C6F4-4985-A72A-4EB28B1957A3}
		{E30DFE15-CF16-400F-8CFB-FE744D84FECB} = {0D831DAC-6668-4DDA-B541-E6CF175086BF}
		{12EE8E8A-3A36-464F-AA1B-5D6B0281C2DD} = {0D831DAC-6668-4DDA-B541-E6CF175086BF}
		{4785DCFB-5C1B-43CF-82A5-13779CCD0B5B} = {0D831DAC-6668-4DDA-B541-E6CF175086BF}
		{714BA725-FACB-48A7-A8B2-7D62D251AF78} = {0D831DAC-6668-4DDA-B541-E6CF175086BF}
		{81BBDE0B-F3D4-48C1-87EF-8FA0875A23EF} = {0D831DAC-6668-4DDA-B541-E6CF175086BF}
	EndGlobalSection
	GlobalSection(ExtensibilityGlobals) = postSolution
		SolutionGuid = {6853A30E-CC4D-40AB-AF2B-E79EF40AD89D}
	EndGlobalSection
EndGlobal
