
Microsoft Visual Studio Solution File, Format Version 12.00
# Visual Studio Version 16
VisualStudioVersion = 16.0.31005.135
MinimumVisualStudioVersion = 10.0.40219.1
Project("{2150E333-8FDC-42A3-9474-1A3956D46DE8}") = "Lab", "Lab", "{904E6012-EB4E-4F1E-AB33-96676FEF9718}"
EndProject
Project("{2150E333-8FDC-42A3-9474-1A3956D46DE8}") = "Exercise", "Exercise", "{2F368E0D-DA37-43E4-9DB1-0502850F6614}"
EndProject
Project("{9A19103F-16F7-4668-BE54-9A1E7A4F7556}") = "Car", "Car\Car.csproj", "{C4E60908-EB78-4F36-B45A-96A7F381155B}"
EndProject
Project("{9A19103F-16F7-4668-BE54-9A1E7A4F7556}") = "CarExtension", "CarExtension\CarExtension.csproj", "{B1BE6099-E798-454F-9A4E-6F14EF14BF55}"
EndProject
Project("{9A19103F-16F7-4668-BE54-9A1E7A4F7556}") = "CarConstructors", "CarConstructors\CarConstructors.csproj", "{D6DC28C1-5CD1-4ED0-9DC1-1C6C65CA7EB0}"
EndProject
Project("{9A19103F-16F7-4668-BE54-9A1E7A4F7556}") = "CarEngineAndTires", "CarEngineAndTires\CarEngineAndTires.csproj", "{972FFE85-FA76-4CE5-83AC-8717FBF1866B}"
EndProject
Project("{9A19103F-16F7-4668-BE54-9A1E7A4F7556}") = "SpecialCars", "SpecialCars\SpecialCars.csproj", "{E887B81B-E694-481D-A210-4C60112D7BA8}"
EndProject
Project("{9A19103F-16F7-4668-BE54-9A1E7A4F7556}") = "DefineClassPerson", "DefineClassPerson\DefineClassPerson.csproj", "{B58C21F1-DBB0-4955-AD48-511033E423AD}"
EndProject
Project("{9A19103F-16F7-4668-BE54-9A1E7A4F7556}") = "CreatingConstructors", "CreatingConstructors\CreatingConstructors.csproj", "{6AB13771-317C-40BD-96BA-BF734C1DB101}"
EndProject
Project("{9A19103F-16F7-4668-BE54-9A1E7A4F7556}") = "OldestFamilyMember", "OldestFamilyMember\OldestFamilyMember.csproj", "{BBBC4027-6F7B-4F14-B953-CA5A2A89886B}"
EndProject
Project("{9A19103F-16F7-4668-BE54-9A1E7A4F7556}") = "OpinionPoll", "OpinionPoll\OpinionPoll.csproj", "{F825AC35-EAC5-4E2C-BFE1-63CBD97E8A43}"
EndProject
Project("{9A19103F-16F7-4668-BE54-9A1E7A4F7556}") = "DateModifier", "DateModifier\DateModifier.csproj", "{F4E48604-471A-45BB-BD2A-7721C3767046}"
EndProject
Project("{9A19103F-16F7-4668-BE54-9A1E7A4F7556}") = "SpeedRacing", "SpeedRacing\SpeedRacing.csproj", "{6B2218E8-833B-4C98-8D03-87799B1EA8A2}"
EndProject
Project("{9A19103F-16F7-4668-BE54-9A1E7A4F7556}") = "RawData", "RawData\RawData.csproj", "{72FA6258-13D2-4FF3-B54A-DF2C670CAA50}"
EndProject
Project("{9A19103F-16F7-4668-BE54-9A1E7A4F7556}") = "CarSalesman", "CarSalesman\CarSalesman.csproj", "{49DA8BDB-133C-47D3-85FA-A3F47D746A97}"
EndProject
Project("{9A19103F-16F7-4668-BE54-9A1E7A4F7556}") = "PokemonTrainer", "PokemonTrainer\PokemonTrainer.csproj", "{60210D97-2F98-44D4-AEE4-79FD33DFF999}"
EndProject
Project("{FAE04EC0-301F-11D3-BF4B-00C04F79EFBC}") = "SoftUniParking", "SoftUniParking\SoftUniParking.csproj", "{C1949E00-EAE2-468E-894D-9412B25258E1}"
EndProject
Global
	GlobalSection(SolutionConfigurationPlatforms) = preSolution
		Debug|Any CPU = Debug|Any CPU
		Release|Any CPU = Release|Any CPU
	EndGlobalSection
	GlobalSection(ProjectConfigurationPlatforms) = postSolution
		{C4E60908-EB78-4F36-B45A-96A7F381155B}.Debug|Any CPU.ActiveCfg = Debug|Any CPU
		{C4E60908-EB78-4F36-B45A-96A7F381155B}.Debug|Any CPU.Build.0 = Debug|Any CPU
		{C4E60908-EB78-4F36-B45A-96A7F381155B}.Release|Any CPU.ActiveCfg = Release|Any CPU
		{C4E60908-EB78-4F36-B45A-96A7F381155B}.Release|Any CPU.Build.0 = Release|Any CPU
		{B1BE6099-E798-454F-9A4E-6F14EF14BF55}.Debug|Any CPU.ActiveCfg = Debug|Any CPU
		{B1BE6099-E798-454F-9A4E-6F14EF14BF55}.Debug|Any CPU.Build.0 = Debug|Any CPU
		{B1BE6099-E798-454F-9A4E-6F14EF14BF55}.Release|Any CPU.ActiveCfg = Release|Any CPU
		{B1BE6099-E798-454F-9A4E-6F14EF14BF55}.Release|Any CPU.Build.0 = Release|Any CPU
		{D6DC28C1-5CD1-4ED0-9DC1-1C6C65CA7EB0}.Debug|Any CPU.ActiveCfg = Debug|Any CPU
		{D6DC28C1-5CD1-4ED0-9DC1-1C6C65CA7EB0}.Debug|Any CPU.Build.0 = Debug|Any CPU
		{D6DC28C1-5CD1-4ED0-9DC1-1C6C65CA7EB0}.Release|Any CPU.ActiveCfg = Release|Any CPU
		{D6DC28C1-5CD1-4ED0-9DC1-1C6C65CA7EB0}.Release|Any CPU.Build.0 = Release|Any CPU
		{972FFE85-FA76-4CE5-83AC-8717FBF1866B}.Debug|Any CPU.ActiveCfg = Debug|Any CPU
		{972FFE85-FA76-4CE5-83AC-8717FBF1866B}.Debug|Any CPU.Build.0 = Debug|Any CPU
		{972FFE85-FA76-4CE5-83AC-8717FBF1866B}.Release|Any CPU.ActiveCfg = Release|Any CPU
		{972FFE85-FA76-4CE5-83AC-8717FBF1866B}.Release|Any CPU.Build.0 = Release|Any CPU
		{E887B81B-E694-481D-A210-4C60112D7BA8}.Debug|Any CPU.ActiveCfg = Debug|Any CPU
		{E887B81B-E694-481D-A210-4C60112D7BA8}.Debug|Any CPU.Build.0 = Debug|Any CPU
		{E887B81B-E694-481D-A210-4C60112D7BA8}.Release|Any CPU.ActiveCfg = Release|Any CPU
		{E887B81B-E694-481D-A210-4C60112D7BA8}.Release|Any CPU.Build.0 = Release|Any CPU
		{B58C21F1-DBB0-4955-AD48-511033E423AD}.Debug|Any CPU.ActiveCfg = Debug|Any CPU
		{B58C21F1-DBB0-4955-AD48-511033E423AD}.Debug|Any CPU.Build.0 = Debug|Any CPU
		{B58C21F1-DBB0-4955-AD48-511033E423AD}.Release|Any CPU.ActiveCfg = Release|Any CPU
		{B58C21F1-DBB0-4955-AD48-511033E423AD}.Release|Any CPU.Build.0 = Release|Any CPU
		{6AB13771-317C-40BD-96BA-BF734C1DB101}.Debug|Any CPU.ActiveCfg = Debug|Any CPU
		{6AB13771-317C-40BD-96BA-BF734C1DB101}.Debug|Any CPU.Build.0 = Debug|Any CPU
		{6AB13771-317C-40BD-96BA-BF734C1DB101}.Release|Any CPU.ActiveCfg = Release|Any CPU
		{6AB13771-317C-40BD-96BA-BF734C1DB101}.Release|Any CPU.Build.0 = Release|Any CPU
		{BBBC4027-6F7B-4F14-B953-CA5A2A89886B}.Debug|Any CPU.ActiveCfg = Debug|Any CPU
		{BBBC4027-6F7B-4F14-B953-CA5A2A89886B}.Debug|Any CPU.Build.0 = Debug|Any CPU
		{BBBC4027-6F7B-4F14-B953-CA5A2A89886B}.Release|Any CPU.ActiveCfg = Release|Any CPU
		{BBBC4027-6F7B-4F14-B953-CA5A2A89886B}.Release|Any CPU.Build.0 = Release|Any CPU
		{F825AC35-EAC5-4E2C-BFE1-63CBD97E8A43}.Debug|Any CPU.ActiveCfg = Debug|Any CPU
		{F825AC35-EAC5-4E2C-BFE1-63CBD97E8A43}.Debug|Any CPU.Build.0 = Debug|Any CPU
		{F825AC35-EAC5-4E2C-BFE1-63CBD97E8A43}.Release|Any CPU.ActiveCfg = Release|Any CPU
		{F825AC35-EAC5-4E2C-BFE1-63CBD97E8A43}.Release|Any CPU.Build.0 = Release|Any CPU
		{F4E48604-471A-45BB-BD2A-7721C3767046}.Debug|Any CPU.ActiveCfg = Debug|Any CPU
		{F4E48604-471A-45BB-BD2A-7721C3767046}.Debug|Any CPU.Build.0 = Debug|Any CPU
		{F4E48604-471A-45BB-BD2A-7721C3767046}.Release|Any CPU.ActiveCfg = Release|Any CPU
		{F4E48604-471A-45BB-BD2A-7721C3767046}.Release|Any CPU.Build.0 = Release|Any CPU
		{6B2218E8-833B-4C98-8D03-87799B1EA8A2}.Debug|Any CPU.ActiveCfg = Debug|Any CPU
		{6B2218E8-833B-4C98-8D03-87799B1EA8A2}.Debug|Any CPU.Build.0 = Debug|Any CPU
		{6B2218E8-833B-4C98-8D03-87799B1EA8A2}.Release|Any CPU.ActiveCfg = Release|Any CPU
		{6B2218E8-833B-4C98-8D03-87799B1EA8A2}.Release|Any CPU.Build.0 = Release|Any CPU
		{72FA6258-13D2-4FF3-B54A-DF2C670CAA50}.Debug|Any CPU.ActiveCfg = Debug|Any CPU
		{72FA6258-13D2-4FF3-B54A-DF2C670CAA50}.Debug|Any CPU.Build.0 = Debug|Any CPU
		{72FA6258-13D2-4FF3-B54A-DF2C670CAA50}.Release|Any CPU.ActiveCfg = Release|Any CPU
		{72FA6258-13D2-4FF3-B54A-DF2C670CAA50}.Release|Any CPU.Build.0 = Release|Any CPU
		{49DA8BDB-133C-47D3-85FA-A3F47D746A97}.Debug|Any CPU.ActiveCfg = Debug|Any CPU
		{49DA8BDB-133C-47D3-85FA-A3F47D746A97}.Debug|Any CPU.Build.0 = Debug|Any CPU
		{49DA8BDB-133C-47D3-85FA-A3F47D746A97}.Release|Any CPU.ActiveCfg = Release|Any CPU
		{49DA8BDB-133C-47D3-85FA-A3F47D746A97}.Release|Any CPU.Build.0 = Release|Any CPU
		{60210D97-2F98-44D4-AEE4-79FD33DFF999}.Debug|Any CPU.ActiveCfg = Debug|Any CPU
		{60210D97-2F98-44D4-AEE4-79FD33DFF999}.Debug|Any CPU.Build.0 = Debug|Any CPU
		{60210D97-2F98-44D4-AEE4-79FD33DFF999}.Release|Any CPU.ActiveCfg = Release|Any CPU
		{60210D97-2F98-44D4-AEE4-79FD33DFF999}.Release|Any CPU.Build.0 = Release|Any CPU
		{C1949E00-EAE2-468E-894D-9412B25258E1}.Debug|Any CPU.ActiveCfg = Debug|Any CPU
		{C1949E00-EAE2-468E-894D-9412B25258E1}.Debug|Any CPU.Build.0 = Debug|Any CPU
		{C1949E00-EAE2-468E-894D-9412B25258E1}.Release|Any CPU.ActiveCfg = Release|Any CPU
		{C1949E00-EAE2-468E-894D-9412B25258E1}.Release|Any CPU.Build.0 = Release|Any CPU
	EndGlobalSection
	GlobalSection(SolutionProperties) = preSolution
		HideSolutionNode = FALSE
	EndGlobalSection
	GlobalSection(NestedProjects) = preSolution
		{C4E60908-EB78-4F36-B45A-96A7F381155B} = {904E6012-EB4E-4F1E-AB33-96676FEF9718}
		{B1BE6099-E798-454F-9A4E-6F14EF14BF55} = {904E6012-EB4E-4F1E-AB33-96676FEF9718}
		{D6DC28C1-5CD1-4ED0-9DC1-1C6C65CA7EB0} = {904E6012-EB4E-4F1E-AB33-96676FEF9718}
		{972FFE85-FA76-4CE5-83AC-8717FBF1866B} = {904E6012-EB4E-4F1E-AB33-96676FEF9718}
		{E887B81B-E694-481D-A210-4C60112D7BA8} = {904E6012-EB4E-4F1E-AB33-96676FEF9718}
		{B58C21F1-DBB0-4955-AD48-511033E423AD} = {2F368E0D-DA37-43E4-9DB1-0502850F6614}
		{6AB13771-317C-40BD-96BA-BF734C1DB101} = {2F368E0D-DA37-43E4-9DB1-0502850F6614}
		{BBBC4027-6F7B-4F14-B953-CA5A2A89886B} = {2F368E0D-DA37-43E4-9DB1-0502850F6614}
		{F825AC35-EAC5-4E2C-BFE1-63CBD97E8A43} = {2F368E0D-DA37-43E4-9DB1-0502850F6614}
		{F4E48604-471A-45BB-BD2A-7721C3767046} = {2F368E0D-DA37-43E4-9DB1-0502850F6614}
		{6B2218E8-833B-4C98-8D03-87799B1EA8A2} = {2F368E0D-DA37-43E4-9DB1-0502850F6614}
		{72FA6258-13D2-4FF3-B54A-DF2C670CAA50} = {2F368E0D-DA37-43E4-9DB1-0502850F6614}
		{49DA8BDB-133C-47D3-85FA-A3F47D746A97} = {2F368E0D-DA37-43E4-9DB1-0502850F6614}
		{60210D97-2F98-44D4-AEE4-79FD33DFF999} = {2F368E0D-DA37-43E4-9DB1-0502850F6614}
		{C1949E00-EAE2-468E-894D-9412B25258E1} = {2F368E0D-DA37-43E4-9DB1-0502850F6614}
	EndGlobalSection
	GlobalSection(ExtensibilityGlobals) = postSolution
		SolutionGuid = {ED320C11-52F6-43DC-B4B7-91924DD9C25A}
	EndGlobalSection
EndGlobal
