
Microsoft Visual Studio Solution File, Format Version 12.00
# Visual Studio Version 17
VisualStudioVersion = 17.1.32210.238
MinimumVisualStudioVersion = 10.0.40219.1
Project("{9A19103F-16F7-4668-BE54-9A1E7A4F7556}") = "P01.SortEvenNumbers", "P01.SortEvenNumbers\P01.SortEvenNumbers.csproj", "{8E108112-C625-4F51-A7C2-B166B1954EF4}"
EndProject
Project("{9A19103F-16F7-4668-BE54-9A1E7A4F7556}") = "P02.SumNumbers", "P02.SumNumbers\P02.SumNumbers.csproj", "{F8101842-EF61-47EA-99FD-BC4DB095B418}"
EndProject
Project("{9A19103F-16F7-4668-BE54-9A1E7A4F7556}") = "P03.CountUppercaseWords", "P03.CountUppercaseWords\P03.CountUppercaseWords.csproj", "{23B0A02B-DF5A-4785-B5DE-1C49107718E2}"
EndProject
Project("{FAE04EC0-301F-11D3-BF4B-00C04F79EFBC}") = "P04.AddVAT", "P04.AddVAT\P04.AddVAT.csproj", "{B9D07025-1488-45CC-ACBB-95D984ED48E2}"
EndProject
Project("{FAE04EC0-301F-11D3-BF4B-00C04F79EFBC}") = "P05.FilterByAge", "P05.FilterByAge\P05.FilterByAge.csproj", "{3839397B-5FB5-41DE-9F4F-A8F8447F4622}"
EndProject
Global
	GlobalSection(SolutionConfigurationPlatforms) = preSolution
		Debug|Any CPU = Debug|Any CPU
		Release|Any CPU = Release|Any CPU
	EndGlobalSection
	GlobalSection(ProjectConfigurationPlatforms) = postSolution
		{8E108112-C625-4F51-A7C2-B166B1954EF4}.Debug|Any CPU.ActiveCfg = Debug|Any CPU
		{8E108112-C625-4F51-A7C2-B166B1954EF4}.Debug|Any CPU.Build.0 = Debug|Any CPU
		{8E108112-C625-4F51-A7C2-B166B1954EF4}.Release|Any CPU.ActiveCfg = Release|Any CPU
		{8E108112-C625-4F51-A7C2-B166B1954EF4}.Release|Any CPU.Build.0 = Release|Any CPU
		{F8101842-EF61-47EA-99FD-BC4DB095B418}.Debug|Any CPU.ActiveCfg = Debug|Any CPU
		{F8101842-EF61-47EA-99FD-BC4DB095B418}.Debug|Any CPU.Build.0 = Debug|Any CPU
		{F8101842-EF61-47EA-99FD-BC4DB095B418}.Release|Any CPU.ActiveCfg = Release|Any CPU
		{F8101842-EF61-47EA-99FD-BC4DB095B418}.Release|Any CPU.Build.0 = Release|Any CPU
		{23B0A02B-DF5A-4785-B5DE-1C49107718E2}.Debug|Any CPU.ActiveCfg = Debug|Any CPU
		{23B0A02B-DF5A-4785-B5DE-1C49107718E2}.Debug|Any CPU.Build.0 = Debug|Any CPU
		{23B0A02B-DF5A-4785-B5DE-1C49107718E2}.Release|Any CPU.ActiveCfg = Release|Any CPU
		{23B0A02B-DF5A-4785-B5DE-1C49107718E2}.Release|Any CPU.Build.0 = Release|Any CPU
		{B9D07025-1488-45CC-ACBB-95D984ED48E2}.Debug|Any CPU.ActiveCfg = Debug|Any CPU
		{B9D07025-1488-45CC-ACBB-95D984ED48E2}.Debug|Any CPU.Build.0 = Debug|Any CPU
		{B9D07025-1488-45CC-ACBB-95D984ED48E2}.Release|Any CPU.ActiveCfg = Release|Any CPU
		{B9D07025-1488-45CC-ACBB-95D984ED48E2}.Release|Any CPU.Build.0 = Release|Any CPU
		{3839397B-5FB5-41DE-9F4F-A8F8447F4622}.Debug|Any CPU.ActiveCfg = Debug|Any CPU
		{3839397B-5FB5-41DE-9F4F-A8F8447F4622}.Debug|Any CPU.Build.0 = Debug|Any CPU
		{3839397B-5FB5-41DE-9F4F-A8F8447F4622}.Release|Any CPU.ActiveCfg = Release|Any CPU
		{3839397B-5FB5-41DE-9F4F-A8F8447F4622}.Release|Any CPU.Build.0 = Release|Any CPU
	EndGlobalSection
	GlobalSection(SolutionProperties) = preSolution
		HideSolutionNode = FALSE
	EndGlobalSection
	GlobalSection(ExtensibilityGlobals) = postSolution
		SolutionGuid = {CB974DC7-DDAF-45B3-8348-B0AB582BAA1B}
	EndGlobalSection
EndGlobal
