
Microsoft Visual Studio Solution File, Format Version 12.00
# Visual Studio Version 17
VisualStudioVersion = 17.0.31919.166
MinimumVisualStudioVersion = 10.0.40219.1
Project("{2150E333-8FDC-42A3-9474-1A3956D46DE8}") = "Lab", "Lab", "{9D84B6CF-78B8-405B-9232-4123E6BB2286}"
EndProject
Project("{9A19103F-16F7-4668-BE54-9A1E7A4F7556}") = "RepeatStrings", "ReverseStrings\RepeatStrings.csproj", "{7FF0C36E-E2BB-471E-AE8C-56006D4D2379}"
EndProject
Project("{9A19103F-16F7-4668-BE54-9A1E7A4F7556}") = "Substring", "Substring\Substring.csproj", "{5F5DA4E2-2B9D-4027-9E91-8B7B2A147715}"
EndProject
Project("{9A19103F-16F7-4668-BE54-9A1E7A4F7556}") = "TextFilter", "TextFilter\TextFilter.csproj", "{5CD551F2-6B65-4C34-A8A8-E37F1AE88B5D}"
EndProject
Project("{9A19103F-16F7-4668-BE54-9A1E7A4F7556}") = "DigitsLettersAndOther", "DigitsLettersAndOther\DigitsLettersAndOther.csproj", "{E7F7A508-8396-4BC8-BA60-24883308CD3C}"
EndProject
Project("{9A19103F-16F7-4668-BE54-9A1E7A4F7556}") = "ReverseString", "ReverseString\ReverseString.csproj", "{53755669-E9C6-4612-B890-719C81644E2D}"
EndProject
Project("{2150E333-8FDC-42A3-9474-1A3956D46DE8}") = "Exercise", "Exercise", "{A0A0A194-E46A-4265-9893-7B251DC11424}"
EndProject
Project("{9A19103F-16F7-4668-BE54-9A1E7A4F7556}") = "ValidUsernames", "ValidUsernames\ValidUsernames.csproj", "{EE7B8271-BFAE-4E40-A6CB-25D45650731D}"
EndProject
Project("{9A19103F-16F7-4668-BE54-9A1E7A4F7556}") = "CharacterMultiplier", "CharacterMultiplier\CharacterMultiplier.csproj", "{5045533E-525A-4838-A741-46993DC5B1CD}"
EndProject
Project("{9A19103F-16F7-4668-BE54-9A1E7A4F7556}") = "ExtractFile", "ExtractFile\ExtractFile.csproj", "{D2A485F0-3C1B-40B0-8D1A-232069789A57}"
EndProject
Project("{9A19103F-16F7-4668-BE54-9A1E7A4F7556}") = "CaesarCipher", "CaesarCipher\CaesarCipher.csproj", "{DC75BC0B-B2D7-42A9-8209-054A6E01ED6A}"
EndProject
Project("{9A19103F-16F7-4668-BE54-9A1E7A4F7556}") = "MultiplyBigNumber", "MultiplyBigNumber\MultiplyBigNumber.csproj", "{78CB617A-11AA-4B27-BF9B-9493B36A2FA8}"
EndProject
Project("{9A19103F-16F7-4668-BE54-9A1E7A4F7556}") = "ReplaceRepeatingChars", "ReplaceRepeatingChars\ReplaceRepeatingChars.csproj", "{D91D1DD4-568D-4B4D-A7DA-2B539B154DDA}"
EndProject
Project("{9A19103F-16F7-4668-BE54-9A1E7A4F7556}") = "StringExplosion", "StringExplosion\StringExplosion.csproj", "{8A3E14B5-E241-4924-A461-DC91B6924763}"
EndProject
Project("{9A19103F-16F7-4668-BE54-9A1E7A4F7556}") = "LettersChangeNumbers", "LettersChangeNumbers\LettersChangeNumbers.csproj", "{528BD66A-C57E-452B-906A-5BB451DD9CD2}"
EndProject
Project("{2150E333-8FDC-42A3-9474-1A3956D46DE8}") = "MoreExercise", "MoreExercise", "{C9403DF6-4C36-408D-B1A1-BFBB672A5CD8}"
EndProject
Project("{9A19103F-16F7-4668-BE54-9A1E7A4F7556}") = "ExtractPersonInformation", "ExtractPersonInformation\ExtractPersonInformation.csproj", "{46DB68BE-FCFB-4302-B0D7-FA7C12F74304}"
EndProject
Project("{9A19103F-16F7-4668-BE54-9A1E7A4F7556}") = "AsciiSumator", "AsciiSumator\AsciiSumator.csproj", "{DD1A82B9-52B8-419A-9D39-6D49D9B41CFB}"
EndProject
Global
	GlobalSection(SolutionConfigurationPlatforms) = preSolution
		Debug|Any CPU = Debug|Any CPU
		Release|Any CPU = Release|Any CPU
	EndGlobalSection
	GlobalSection(ProjectConfigurationPlatforms) = postSolution
		{7FF0C36E-E2BB-471E-AE8C-56006D4D2379}.Debug|Any CPU.ActiveCfg = Debug|Any CPU
		{7FF0C36E-E2BB-471E-AE8C-56006D4D2379}.Debug|Any CPU.Build.0 = Debug|Any CPU
		{7FF0C36E-E2BB-471E-AE8C-56006D4D2379}.Release|Any CPU.ActiveCfg = Release|Any CPU
		{7FF0C36E-E2BB-471E-AE8C-56006D4D2379}.Release|Any CPU.Build.0 = Release|Any CPU
		{5F5DA4E2-2B9D-4027-9E91-8B7B2A147715}.Debug|Any CPU.ActiveCfg = Debug|Any CPU
		{5F5DA4E2-2B9D-4027-9E91-8B7B2A147715}.Debug|Any CPU.Build.0 = Debug|Any CPU
		{5F5DA4E2-2B9D-4027-9E91-8B7B2A147715}.Release|Any CPU.ActiveCfg = Release|Any CPU
		{5F5DA4E2-2B9D-4027-9E91-8B7B2A147715}.Release|Any CPU.Build.0 = Release|Any CPU
		{5CD551F2-6B65-4C34-A8A8-E37F1AE88B5D}.Debug|Any CPU.ActiveCfg = Debug|Any CPU
		{5CD551F2-6B65-4C34-A8A8-E37F1AE88B5D}.Debug|Any CPU.Build.0 = Debug|Any CPU
		{5CD551F2-6B65-4C34-A8A8-E37F1AE88B5D}.Release|Any CPU.ActiveCfg = Release|Any CPU
		{5CD551F2-6B65-4C34-A8A8-E37F1AE88B5D}.Release|Any CPU.Build.0 = Release|Any CPU
		{E7F7A508-8396-4BC8-BA60-24883308CD3C}.Debug|Any CPU.ActiveCfg = Debug|Any CPU
		{E7F7A508-8396-4BC8-BA60-24883308CD3C}.Debug|Any CPU.Build.0 = Debug|Any CPU
		{E7F7A508-8396-4BC8-BA60-24883308CD3C}.Release|Any CPU.ActiveCfg = Release|Any CPU
		{E7F7A508-8396-4BC8-BA60-24883308CD3C}.Release|Any CPU.Build.0 = Release|Any CPU
		{53755669-E9C6-4612-B890-719C81644E2D}.Debug|Any CPU.ActiveCfg = Debug|Any CPU
		{53755669-E9C6-4612-B890-719C81644E2D}.Debug|Any CPU.Build.0 = Debug|Any CPU
		{53755669-E9C6-4612-B890-719C81644E2D}.Release|Any CPU.ActiveCfg = Release|Any CPU
		{53755669-E9C6-4612-B890-719C81644E2D}.Release|Any CPU.Build.0 = Release|Any CPU
		{EE7B8271-BFAE-4E40-A6CB-25D45650731D}.Debug|Any CPU.ActiveCfg = Debug|Any CPU
		{EE7B8271-BFAE-4E40-A6CB-25D45650731D}.Debug|Any CPU.Build.0 = Debug|Any CPU
		{EE7B8271-BFAE-4E40-A6CB-25D45650731D}.Release|Any CPU.ActiveCfg = Release|Any CPU
		{EE7B8271-BFAE-4E40-A6CB-25D45650731D}.Release|Any CPU.Build.0 = Release|Any CPU
		{5045533E-525A-4838-A741-46993DC5B1CD}.Debug|Any CPU.ActiveCfg = Debug|Any CPU
		{5045533E-525A-4838-A741-46993DC5B1CD}.Debug|Any CPU.Build.0 = Debug|Any CPU
		{5045533E-525A-4838-A741-46993DC5B1CD}.Release|Any CPU.ActiveCfg = Release|Any CPU
		{5045533E-525A-4838-A741-46993DC5B1CD}.Release|Any CPU.Build.0 = Release|Any CPU
		{D2A485F0-3C1B-40B0-8D1A-232069789A57}.Debug|Any CPU.ActiveCfg = Debug|Any CPU
		{D2A485F0-3C1B-40B0-8D1A-232069789A57}.Debug|Any CPU.Build.0 = Debug|Any CPU
		{D2A485F0-3C1B-40B0-8D1A-232069789A57}.Release|Any CPU.ActiveCfg = Release|Any CPU
		{D2A485F0-3C1B-40B0-8D1A-232069789A57}.Release|Any CPU.Build.0 = Release|Any CPU
		{DC75BC0B-B2D7-42A9-8209-054A6E01ED6A}.Debug|Any CPU.ActiveCfg = Debug|Any CPU
		{DC75BC0B-B2D7-42A9-8209-054A6E01ED6A}.Debug|Any CPU.Build.0 = Debug|Any CPU
		{DC75BC0B-B2D7-42A9-8209-054A6E01ED6A}.Release|Any CPU.ActiveCfg = Release|Any CPU
		{DC75BC0B-B2D7-42A9-8209-054A6E01ED6A}.Release|Any CPU.Build.0 = Release|Any CPU
		{78CB617A-11AA-4B27-BF9B-9493B36A2FA8}.Debug|Any CPU.ActiveCfg = Debug|Any CPU
		{78CB617A-11AA-4B27-BF9B-9493B36A2FA8}.Debug|Any CPU.Build.0 = Debug|Any CPU
		{78CB617A-11AA-4B27-BF9B-9493B36A2FA8}.Release|Any CPU.ActiveCfg = Release|Any CPU
		{78CB617A-11AA-4B27-BF9B-9493B36A2FA8}.Release|Any CPU.Build.0 = Release|Any CPU
		{D91D1DD4-568D-4B4D-A7DA-2B539B154DDA}.Debug|Any CPU.ActiveCfg = Debug|Any CPU
		{D91D1DD4-568D-4B4D-A7DA-2B539B154DDA}.Debug|Any CPU.Build.0 = Debug|Any CPU
		{D91D1DD4-568D-4B4D-A7DA-2B539B154DDA}.Release|Any CPU.ActiveCfg = Release|Any CPU
		{D91D1DD4-568D-4B4D-A7DA-2B539B154DDA}.Release|Any CPU.Build.0 = Release|Any CPU
		{8A3E14B5-E241-4924-A461-DC91B6924763}.Debug|Any CPU.ActiveCfg = Debug|Any CPU
		{8A3E14B5-E241-4924-A461-DC91B6924763}.Debug|Any CPU.Build.0 = Debug|Any CPU
		{8A3E14B5-E241-4924-A461-DC91B6924763}.Release|Any CPU.ActiveCfg = Release|Any CPU
		{8A3E14B5-E241-4924-A461-DC91B6924763}.Release|Any CPU.Build.0 = Release|Any CPU
		{528BD66A-C57E-452B-906A-5BB451DD9CD2}.Debug|Any CPU.ActiveCfg = Debug|Any CPU
		{528BD66A-C57E-452B-906A-5BB451DD9CD2}.Debug|Any CPU.Build.0 = Debug|Any CPU
		{528BD66A-C57E-452B-906A-5BB451DD9CD2}.Release|Any CPU.ActiveCfg = Release|Any CPU
		{528BD66A-C57E-452B-906A-5BB451DD9CD2}.Release|Any CPU.Build.0 = Release|Any CPU
		{46DB68BE-FCFB-4302-B0D7-FA7C12F74304}.Debug|Any CPU.ActiveCfg = Debug|Any CPU
		{46DB68BE-FCFB-4302-B0D7-FA7C12F74304}.Debug|Any CPU.Build.0 = Debug|Any CPU
		{46DB68BE-FCFB-4302-B0D7-FA7C12F74304}.Release|Any CPU.ActiveCfg = Release|Any CPU
		{46DB68BE-FCFB-4302-B0D7-FA7C12F74304}.Release|Any CPU.Build.0 = Release|Any CPU
		{DD1A82B9-52B8-419A-9D39-6D49D9B41CFB}.Debug|Any CPU.ActiveCfg = Debug|Any CPU
		{DD1A82B9-52B8-419A-9D39-6D49D9B41CFB}.Debug|Any CPU.Build.0 = Debug|Any CPU
		{DD1A82B9-52B8-419A-9D39-6D49D9B41CFB}.Release|Any CPU.ActiveCfg = Release|Any CPU
		{DD1A82B9-52B8-419A-9D39-6D49D9B41CFB}.Release|Any CPU.Build.0 = Release|Any CPU
	EndGlobalSection
	GlobalSection(SolutionProperties) = preSolution
		HideSolutionNode = FALSE
	EndGlobalSection
	GlobalSection(NestedProjects) = preSolution
		{7FF0C36E-E2BB-471E-AE8C-56006D4D2379} = {9D84B6CF-78B8-405B-9232-4123E6BB2286}
		{5F5DA4E2-2B9D-4027-9E91-8B7B2A147715} = {9D84B6CF-78B8-405B-9232-4123E6BB2286}
		{5CD551F2-6B65-4C34-A8A8-E37F1AE88B5D} = {9D84B6CF-78B8-405B-9232-4123E6BB2286}
		{E7F7A508-8396-4BC8-BA60-24883308CD3C} = {9D84B6CF-78B8-405B-9232-4123E6BB2286}
		{53755669-E9C6-4612-B890-719C81644E2D} = {9D84B6CF-78B8-405B-9232-4123E6BB2286}
		{EE7B8271-BFAE-4E40-A6CB-25D45650731D} = {A0A0A194-E46A-4265-9893-7B251DC11424}
		{5045533E-525A-4838-A741-46993DC5B1CD} = {A0A0A194-E46A-4265-9893-7B251DC11424}
		{D2A485F0-3C1B-40B0-8D1A-232069789A57} = {A0A0A194-E46A-4265-9893-7B251DC11424}
		{DC75BC0B-B2D7-42A9-8209-054A6E01ED6A} = {A0A0A194-E46A-4265-9893-7B251DC11424}
		{78CB617A-11AA-4B27-BF9B-9493B36A2FA8} = {A0A0A194-E46A-4265-9893-7B251DC11424}
		{D91D1DD4-568D-4B4D-A7DA-2B539B154DDA} = {A0A0A194-E46A-4265-9893-7B251DC11424}
		{8A3E14B5-E241-4924-A461-DC91B6924763} = {A0A0A194-E46A-4265-9893-7B251DC11424}
		{528BD66A-C57E-452B-906A-5BB451DD9CD2} = {A0A0A194-E46A-4265-9893-7B251DC11424}
		{46DB68BE-FCFB-4302-B0D7-FA7C12F74304} = {C9403DF6-4C36-408D-B1A1-BFBB672A5CD8}
		{DD1A82B9-52B8-419A-9D39-6D49D9B41CFB} = {C9403DF6-4C36-408D-B1A1-BFBB672A5CD8}
	EndGlobalSection
	GlobalSection(ExtensibilityGlobals) = postSolution
		SolutionGuid = {6B5B8543-F4ED-454A-8E06-DA8AE4811587}
	EndGlobalSection
EndGlobal
