
Microsoft Visual Studio Solution File, Format Version 12.00
# Visual Studio Version 17
VisualStudioVersion = 17.0.31919.166
MinimumVisualStudioVersion = 10.0.40219.1
Project("{FAE04EC0-301F-11D3-BF4B-00C04F79EFBC}") = "SingleInheritance", "SingleInheritance\SingleInheritance.csproj", "{E2C705C8-929E-4910-9A4C-10533A82B082}"
EndProject
Project("{FAE04EC0-301F-11D3-BF4B-00C04F79EFBC}") = "MultipleInheritance", "MultipleInheritance\MultipleInheritance.csproj", "{3EE3EF97-2C25-4595-A778-058FCA487C43}"
EndProject
Project("{FAE04EC0-301F-11D3-BF4B-00C04F79EFBC}") = "HierarchicalInheritance", "HierarchicalInheritance\HierarchicalInheritance.csproj", "{FFDC85BE-7128-426A-81C1-ACB82B2AD42A}"
EndProject
Project("{FAE04EC0-301F-11D3-BF4B-00C04F79EFBC}") = "RandomList", "RandomList\RandomList.csproj", "{E8220768-322B-47CD-A95C-1F1BB50FB8E3}"
EndProject
Project("{FAE04EC0-301F-11D3-BF4B-00C04F79EFBC}") = "StackOfStrings", "StackOfStrings\StackOfStrings.csproj", "{BCD29DAA-175F-41CC-9109-854FDD2E192C}"
EndProject
Global
	GlobalSection(SolutionConfigurationPlatforms) = preSolution
		Debug|Any CPU = Debug|Any CPU
		Release|Any CPU = Release|Any CPU
	EndGlobalSection
	GlobalSection(ProjectConfigurationPlatforms) = postSolution
		{E2C705C8-929E-4910-9A4C-10533A82B082}.Debug|Any CPU.ActiveCfg = Debug|Any CPU
		{E2C705C8-929E-4910-9A4C-10533A82B082}.Debug|Any CPU.Build.0 = Debug|Any CPU
		{E2C705C8-929E-4910-9A4C-10533A82B082}.Release|Any CPU.ActiveCfg = Release|Any CPU
		{E2C705C8-929E-4910-9A4C-10533A82B082}.Release|Any CPU.Build.0 = Release|Any CPU
		{3EE3EF97-2C25-4595-A778-058FCA487C43}.Debug|Any CPU.ActiveCfg = Debug|Any CPU
		{3EE3EF97-2C25-4595-A778-058FCA487C43}.Debug|Any CPU.Build.0 = Debug|Any CPU
		{3EE3EF97-2C25-4595-A778-058FCA487C43}.Release|Any CPU.ActiveCfg = Release|Any CPU
		{3EE3EF97-2C25-4595-A778-058FCA487C43}.Release|Any CPU.Build.0 = Release|Any CPU
		{FFDC85BE-7128-426A-81C1-ACB82B2AD42A}.Debug|Any CPU.ActiveCfg = Debug|Any CPU
		{FFDC85BE-7128-426A-81C1-ACB82B2AD42A}.Debug|Any CPU.Build.0 = Debug|Any CPU
		{FFDC85BE-7128-426A-81C1-ACB82B2AD42A}.Release|Any CPU.ActiveCfg = Release|Any CPU
		{FFDC85BE-7128-426A-81C1-ACB82B2AD42A}.Release|Any CPU.Build.0 = Release|Any CPU
		{E8220768-322B-47CD-A95C-1F1BB50FB8E3}.Debug|Any CPU.ActiveCfg = Debug|Any CPU
		{E8220768-322B-47CD-A95C-1F1BB50FB8E3}.Debug|Any CPU.Build.0 = Debug|Any CPU
		{E8220768-322B-47CD-A95C-1F1BB50FB8E3}.Release|Any CPU.ActiveCfg = Release|Any CPU
		{E8220768-322B-47CD-A95C-1F1BB50FB8E3}.Release|Any CPU.Build.0 = Release|Any CPU
		{BCD29DAA-175F-41CC-9109-854FDD2E192C}.Debug|Any CPU.ActiveCfg = Debug|Any CPU
		{BCD29DAA-175F-41CC-9109-854FDD2E192C}.Debug|Any CPU.Build.0 = Debug|Any CPU
		{BCD29DAA-175F-41CC-9109-854FDD2E192C}.Release|Any CPU.ActiveCfg = Release|Any CPU
		{BCD29DAA-175F-41CC-9109-854FDD2E192C}.Release|Any CPU.Build.0 = Release|Any CPU
	EndGlobalSection
	GlobalSection(SolutionProperties) = preSolution
		HideSolutionNode = FALSE
	EndGlobalSection
	GlobalSection(ExtensibilityGlobals) = postSolution
		SolutionGuid = {9DA6E9B4-151A-47C6-94B6-D756A67CB57D}
	EndGlobalSection
EndGlobal
