
Microsoft Visual Studio Solution File, Format Version 12.00
# Visual Studio Version 16
VisualStudioVersion = 16.0.31005.135
MinimumVisualStudioVersion = 10.0.40219.1
Project("{2150E333-8FDC-42A3-9474-1A3956D46DE8}") = "Lab", "Lab", "{64EA81E5-8859-467F-933D-CBEF0887197E}"
EndProject
Project("{2150E333-8FDC-42A3-9474-1A3956D46DE8}") = "Exercise", "Exercise", "{2B652CB7-682A-4FE5-840B-C276306455ED}"
EndProject
Project("{2150E333-8FDC-42A3-9474-1A3956D46DE8}") = "MoreExercise", "MoreExercise", "{967DFE03-5440-4865-8F9F-BFDA51970967}"
EndProject
Project("{9A19103F-16F7-4668-BE54-9A1E7A4F7556}") = "CountRealNumbers", "CountRealNumbers\CountRealNumbers.csproj", "{5409ADAD-4177-477A-BB64-13CC40EC0152}"
EndProject
Project("{9A19103F-16F7-4668-BE54-9A1E7A4F7556}") = "OddOccurrences", "OddOccurrences\OddOccurrences.csproj", "{3CFC200E-10EF-4BA3-A235-C88482F7345F}"
EndProject
Project("{9A19103F-16F7-4668-BE54-9A1E7A4F7556}") = "WordSynonyms", "WordSynonyms\WordSynonyms.csproj", "{8FCB2E24-9D98-4C4C-B3F0-F03A59C8D804}"
EndProject
Project("{9A19103F-16F7-4668-BE54-9A1E7A4F7556}") = "WordFilter", "WordFilter\WordFilter.csproj", "{7FBF40D0-A04D-4619-82A9-3B8127A8F1C2}"
EndProject
Project("{9A19103F-16F7-4668-BE54-9A1E7A4F7556}") = "Largest3Numbers", "Largest3Numbers\Largest3Numbers.csproj", "{DDFBE8CE-9D6C-480A-948C-65C740B8F817}"
EndProject
Project("{9A19103F-16F7-4668-BE54-9A1E7A4F7556}") = "CountCharsInString", "CountCharsInString\CountCharsInString.csproj", "{6418DFC2-364B-472E-843C-3ADC4D2A22ED}"
EndProject
Project("{9A19103F-16F7-4668-BE54-9A1E7A4F7556}") = "MinerTask", "MinerTask\MinerTask.csproj", "{5C23F397-B42B-4D00-8430-A567A1FC0AA1}"
EndProject
Project("{9A19103F-16F7-4668-BE54-9A1E7A4F7556}") = "LegendaryFarming", "LegendaryFarming\LegendaryFarming.csproj", "{145968EE-ACE6-483C-9240-2CD06BCDD774}"
EndProject
Project("{9A19103F-16F7-4668-BE54-9A1E7A4F7556}") = "Orders", "Orders\Orders.csproj", "{49B84550-C094-4EF1-A3E4-AFDDDB4DA43A}"
EndProject
Project("{9A19103F-16F7-4668-BE54-9A1E7A4F7556}") = "SoftUniParking", "SoftUniParking\SoftUniParking.csproj", "{BB249A9D-3403-43B0-9AC4-C969789B6874}"
EndProject
Project("{9A19103F-16F7-4668-BE54-9A1E7A4F7556}") = "Courses", "Courses\Courses.csproj", "{90171DA2-D1F5-4A1F-8AEA-F6E37FC55CE0}"
EndProject
Project("{9A19103F-16F7-4668-BE54-9A1E7A4F7556}") = "StudentAcademy", "StudentAcademy\StudentAcademy.csproj", "{9BEBB33F-2C42-4C9F-9C43-A35DD56D996C}"
EndProject
Project("{9A19103F-16F7-4668-BE54-9A1E7A4F7556}") = "CompanyUsers", "CompanyUsers\CompanyUsers.csproj", "{C3FBF9A6-B7A8-4E64-A79A-17BB692F093B}"
EndProject
Project("{9A19103F-16F7-4668-BE54-9A1E7A4F7556}") = "ForceBook", "ForceBook\ForceBook.csproj", "{15DE4F1A-DAFA-4CC9-8C65-A5CCD4E62A49}"
EndProject
Project("{9A19103F-16F7-4668-BE54-9A1E7A4F7556}") = "SoftUniExamResults", "SoftUniExamResults\SoftUniExamResults.csproj", "{B606A04D-C72C-4BCB-9DE9-CD6ABAB19EA5}"
EndProject
Project("{FAE04EC0-301F-11D3-BF4B-00C04F79EFBC}") = "Ranking", "ExtractPersonInformation\Ranking.csproj", "{9520AB85-148C-43BB-91A1-D389B67E206D}"
EndProject
Project("{FAE04EC0-301F-11D3-BF4B-00C04F79EFBC}") = "Judge", "Judge\Judge.csproj", "{411E9E3D-9395-469A-83E5-DAF70348824B}"
EndProject
Global
	GlobalSection(SolutionConfigurationPlatforms) = preSolution
		Debug|Any CPU = Debug|Any CPU
		Release|Any CPU = Release|Any CPU
	EndGlobalSection
	GlobalSection(ProjectConfigurationPlatforms) = postSolution
		{5409ADAD-4177-477A-BB64-13CC40EC0152}.Debug|Any CPU.ActiveCfg = Debug|Any CPU
		{5409ADAD-4177-477A-BB64-13CC40EC0152}.Debug|Any CPU.Build.0 = Debug|Any CPU
		{5409ADAD-4177-477A-BB64-13CC40EC0152}.Release|Any CPU.ActiveCfg = Release|Any CPU
		{5409ADAD-4177-477A-BB64-13CC40EC0152}.Release|Any CPU.Build.0 = Release|Any CPU
		{3CFC200E-10EF-4BA3-A235-C88482F7345F}.Debug|Any CPU.ActiveCfg = Debug|Any CPU
		{3CFC200E-10EF-4BA3-A235-C88482F7345F}.Debug|Any CPU.Build.0 = Debug|Any CPU
		{3CFC200E-10EF-4BA3-A235-C88482F7345F}.Release|Any CPU.ActiveCfg = Release|Any CPU
		{3CFC200E-10EF-4BA3-A235-C88482F7345F}.Release|Any CPU.Build.0 = Release|Any CPU
		{8FCB2E24-9D98-4C4C-B3F0-F03A59C8D804}.Debug|Any CPU.ActiveCfg = Debug|Any CPU
		{8FCB2E24-9D98-4C4C-B3F0-F03A59C8D804}.Debug|Any CPU.Build.0 = Debug|Any CPU
		{8FCB2E24-9D98-4C4C-B3F0-F03A59C8D804}.Release|Any CPU.ActiveCfg = Release|Any CPU
		{8FCB2E24-9D98-4C4C-B3F0-F03A59C8D804}.Release|Any CPU.Build.0 = Release|Any CPU
		{7FBF40D0-A04D-4619-82A9-3B8127A8F1C2}.Debug|Any CPU.ActiveCfg = Debug|Any CPU
		{7FBF40D0-A04D-4619-82A9-3B8127A8F1C2}.Debug|Any CPU.Build.0 = Debug|Any CPU
		{7FBF40D0-A04D-4619-82A9-3B8127A8F1C2}.Release|Any CPU.ActiveCfg = Release|Any CPU
		{7FBF40D0-A04D-4619-82A9-3B8127A8F1C2}.Release|Any CPU.Build.0 = Release|Any CPU
		{DDFBE8CE-9D6C-480A-948C-65C740B8F817}.Debug|Any CPU.ActiveCfg = Debug|Any CPU
		{DDFBE8CE-9D6C-480A-948C-65C740B8F817}.Debug|Any CPU.Build.0 = Debug|Any CPU
		{DDFBE8CE-9D6C-480A-948C-65C740B8F817}.Release|Any CPU.ActiveCfg = Release|Any CPU
		{DDFBE8CE-9D6C-480A-948C-65C740B8F817}.Release|Any CPU.Build.0 = Release|Any CPU
		{6418DFC2-364B-472E-843C-3ADC4D2A22ED}.Debug|Any CPU.ActiveCfg = Debug|Any CPU
		{6418DFC2-364B-472E-843C-3ADC4D2A22ED}.Debug|Any CPU.Build.0 = Debug|Any CPU
		{6418DFC2-364B-472E-843C-3ADC4D2A22ED}.Release|Any CPU.ActiveCfg = Release|Any CPU
		{6418DFC2-364B-472E-843C-3ADC4D2A22ED}.Release|Any CPU.Build.0 = Release|Any CPU
		{5C23F397-B42B-4D00-8430-A567A1FC0AA1}.Debug|Any CPU.ActiveCfg = Debug|Any CPU
		{5C23F397-B42B-4D00-8430-A567A1FC0AA1}.Debug|Any CPU.Build.0 = Debug|Any CPU
		{5C23F397-B42B-4D00-8430-A567A1FC0AA1}.Release|Any CPU.ActiveCfg = Release|Any CPU
		{5C23F397-B42B-4D00-8430-A567A1FC0AA1}.Release|Any CPU.Build.0 = Release|Any CPU
		{145968EE-ACE6-483C-9240-2CD06BCDD774}.Debug|Any CPU.ActiveCfg = Debug|Any CPU
		{145968EE-ACE6-483C-9240-2CD06BCDD774}.Debug|Any CPU.Build.0 = Debug|Any CPU
		{145968EE-ACE6-483C-9240-2CD06BCDD774}.Release|Any CPU.ActiveCfg = Release|Any CPU
		{145968EE-ACE6-483C-9240-2CD06BCDD774}.Release|Any CPU.Build.0 = Release|Any CPU
		{49B84550-C094-4EF1-A3E4-AFDDDB4DA43A}.Debug|Any CPU.ActiveCfg = Debug|Any CPU
		{49B84550-C094-4EF1-A3E4-AFDDDB4DA43A}.Debug|Any CPU.Build.0 = Debug|Any CPU
		{49B84550-C094-4EF1-A3E4-AFDDDB4DA43A}.Release|Any CPU.ActiveCfg = Release|Any CPU
		{49B84550-C094-4EF1-A3E4-AFDDDB4DA43A}.Release|Any CPU.Build.0 = Release|Any CPU
		{BB249A9D-3403-43B0-9AC4-C969789B6874}.Debug|Any CPU.ActiveCfg = Debug|Any CPU
		{BB249A9D-3403-43B0-9AC4-C969789B6874}.Debug|Any CPU.Build.0 = Debug|Any CPU
		{BB249A9D-3403-43B0-9AC4-C969789B6874}.Release|Any CPU.ActiveCfg = Release|Any CPU
		{BB249A9D-3403-43B0-9AC4-C969789B6874}.Release|Any CPU.Build.0 = Release|Any CPU
		{90171DA2-D1F5-4A1F-8AEA-F6E37FC55CE0}.Debug|Any CPU.ActiveCfg = Debug|Any CPU
		{90171DA2-D1F5-4A1F-8AEA-F6E37FC55CE0}.Debug|Any CPU.Build.0 = Debug|Any CPU
		{90171DA2-D1F5-4A1F-8AEA-F6E37FC55CE0}.Release|Any CPU.ActiveCfg = Release|Any CPU
		{90171DA2-D1F5-4A1F-8AEA-F6E37FC55CE0}.Release|Any CPU.Build.0 = Release|Any CPU
		{9BEBB33F-2C42-4C9F-9C43-A35DD56D996C}.Debug|Any CPU.ActiveCfg = Debug|Any CPU
		{9BEBB33F-2C42-4C9F-9C43-A35DD56D996C}.Debug|Any CPU.Build.0 = Debug|Any CPU
		{9BEBB33F-2C42-4C9F-9C43-A35DD56D996C}.Release|Any CPU.ActiveCfg = Release|Any CPU
		{9BEBB33F-2C42-4C9F-9C43-A35DD56D996C}.Release|Any CPU.Build.0 = Release|Any CPU
		{C3FBF9A6-B7A8-4E64-A79A-17BB692F093B}.Debug|Any CPU.ActiveCfg = Debug|Any CPU
		{C3FBF9A6-B7A8-4E64-A79A-17BB692F093B}.Debug|Any CPU.Build.0 = Debug|Any CPU
		{C3FBF9A6-B7A8-4E64-A79A-17BB692F093B}.Release|Any CPU.ActiveCfg = Release|Any CPU
		{C3FBF9A6-B7A8-4E64-A79A-17BB692F093B}.Release|Any CPU.Build.0 = Release|Any CPU
		{15DE4F1A-DAFA-4CC9-8C65-A5CCD4E62A49}.Debug|Any CPU.ActiveCfg = Debug|Any CPU
		{15DE4F1A-DAFA-4CC9-8C65-A5CCD4E62A49}.Debug|Any CPU.Build.0 = Debug|Any CPU
		{15DE4F1A-DAFA-4CC9-8C65-A5CCD4E62A49}.Release|Any CPU.ActiveCfg = Release|Any CPU
		{15DE4F1A-DAFA-4CC9-8C65-A5CCD4E62A49}.Release|Any CPU.Build.0 = Release|Any CPU
		{B606A04D-C72C-4BCB-9DE9-CD6ABAB19EA5}.Debug|Any CPU.ActiveCfg = Debug|Any CPU
		{B606A04D-C72C-4BCB-9DE9-CD6ABAB19EA5}.Debug|Any CPU.Build.0 = Debug|Any CPU
		{B606A04D-C72C-4BCB-9DE9-CD6ABAB19EA5}.Release|Any CPU.ActiveCfg = Release|Any CPU
		{B606A04D-C72C-4BCB-9DE9-CD6ABAB19EA5}.Release|Any CPU.Build.0 = Release|Any CPU
		{9520AB85-148C-43BB-91A1-D389B67E206D}.Debug|Any CPU.ActiveCfg = Debug|Any CPU
		{9520AB85-148C-43BB-91A1-D389B67E206D}.Debug|Any CPU.Build.0 = Debug|Any CPU
		{9520AB85-148C-43BB-91A1-D389B67E206D}.Release|Any CPU.ActiveCfg = Release|Any CPU
		{9520AB85-148C-43BB-91A1-D389B67E206D}.Release|Any CPU.Build.0 = Release|Any CPU
		{411E9E3D-9395-469A-83E5-DAF70348824B}.Debug|Any CPU.ActiveCfg = Debug|Any CPU
		{411E9E3D-9395-469A-83E5-DAF70348824B}.Debug|Any CPU.Build.0 = Debug|Any CPU
		{411E9E3D-9395-469A-83E5-DAF70348824B}.Release|Any CPU.ActiveCfg = Release|Any CPU
		{411E9E3D-9395-469A-83E5-DAF70348824B}.Release|Any CPU.Build.0 = Release|Any CPU
	EndGlobalSection
	GlobalSection(SolutionProperties) = preSolution
		HideSolutionNode = FALSE
	EndGlobalSection
	GlobalSection(NestedProjects) = preSolution
		{5409ADAD-4177-477A-BB64-13CC40EC0152} = {64EA81E5-8859-467F-933D-CBEF0887197E}
		{3CFC200E-10EF-4BA3-A235-C88482F7345F} = {64EA81E5-8859-467F-933D-CBEF0887197E}
		{8FCB2E24-9D98-4C4C-B3F0-F03A59C8D804} = {64EA81E5-8859-467F-933D-CBEF0887197E}
		{7FBF40D0-A04D-4619-82A9-3B8127A8F1C2} = {64EA81E5-8859-467F-933D-CBEF0887197E}
		{DDFBE8CE-9D6C-480A-948C-65C740B8F817} = {64EA81E5-8859-467F-933D-CBEF0887197E}
		{6418DFC2-364B-472E-843C-3ADC4D2A22ED} = {2B652CB7-682A-4FE5-840B-C276306455ED}
		{5C23F397-B42B-4D00-8430-A567A1FC0AA1} = {2B652CB7-682A-4FE5-840B-C276306455ED}
		{145968EE-ACE6-483C-9240-2CD06BCDD774} = {2B652CB7-682A-4FE5-840B-C276306455ED}
		{49B84550-C094-4EF1-A3E4-AFDDDB4DA43A} = {2B652CB7-682A-4FE5-840B-C276306455ED}
		{BB249A9D-3403-43B0-9AC4-C969789B6874} = {2B652CB7-682A-4FE5-840B-C276306455ED}
		{90171DA2-D1F5-4A1F-8AEA-F6E37FC55CE0} = {2B652CB7-682A-4FE5-840B-C276306455ED}
		{9BEBB33F-2C42-4C9F-9C43-A35DD56D996C} = {2B652CB7-682A-4FE5-840B-C276306455ED}
		{C3FBF9A6-B7A8-4E64-A79A-17BB692F093B} = {2B652CB7-682A-4FE5-840B-C276306455ED}
		{15DE4F1A-DAFA-4CC9-8C65-A5CCD4E62A49} = {2B652CB7-682A-4FE5-840B-C276306455ED}
		{B606A04D-C72C-4BCB-9DE9-CD6ABAB19EA5} = {2B652CB7-682A-4FE5-840B-C276306455ED}
		{9520AB85-148C-43BB-91A1-D389B67E206D} = {967DFE03-5440-4865-8F9F-BFDA51970967}
		{411E9E3D-9395-469A-83E5-DAF70348824B} = {967DFE03-5440-4865-8F9F-BFDA51970967}
	EndGlobalSection
	GlobalSection(ExtensibilityGlobals) = postSolution
		SolutionGuid = {9559BD49-0EB6-478F-BFD2-AB813E274004}
	EndGlobalSection
EndGlobal
