
Microsoft Visual Studio Solution File, Format Version 12.00
# Visual Studio Version 17
VisualStudioVersion = 17.0.31919.166
MinimumVisualStudioVersion = 10.0.40219.1
Project("{9A19103F-16F7-4668-BE54-9A1E7A4F7556}") = "Persons", "Persons\Persons.csproj", "{C6B03A0C-4241-4473-812F-A63EA2C6CEEF}"
EndProject
Project("{FAE04EC0-301F-11D3-BF4B-00C04F79EFBC}") = "Salary", "Salary\Salary.csproj", "{2AEFBB87-F90D-4591-99C5-631557F44028}"
EndProject
Project("{FAE04EC0-301F-11D3-BF4B-00C04F79EFBC}") = "Validation", "Validation\Validation.csproj", "{7B499EE2-AD0C-44EC-8868-CCD14ABAE5B9}"
EndProject
Project("{FAE04EC0-301F-11D3-BF4B-00C04F79EFBC}") = "Team", "Team\Team.csproj", "{40043EBC-F8FF-48C8-96FA-70DDD6C2466F}"
EndProject
Global
	GlobalSection(SolutionConfigurationPlatforms) = preSolution
		Debug|Any CPU = Debug|Any CPU
		Release|Any CPU = Release|Any CPU
	EndGlobalSection
	GlobalSection(ProjectConfigurationPlatforms) = postSolution
		{C6B03A0C-4241-4473-812F-A63EA2C6CEEF}.Debug|Any CPU.ActiveCfg = Debug|Any CPU
		{C6B03A0C-4241-4473-812F-A63EA2C6CEEF}.Debug|Any CPU.Build.0 = Debug|Any CPU
		{C6B03A0C-4241-4473-812F-A63EA2C6CEEF}.Release|Any CPU.ActiveCfg = Release|Any CPU
		{C6B03A0C-4241-4473-812F-A63EA2C6CEEF}.Release|Any CPU.Build.0 = Release|Any CPU
		{2AEFBB87-F90D-4591-99C5-631557F44028}.Debug|Any CPU.ActiveCfg = Debug|Any CPU
		{2AEFBB87-F90D-4591-99C5-631557F44028}.Debug|Any CPU.Build.0 = Debug|Any CPU
		{2AEFBB87-F90D-4591-99C5-631557F44028}.Release|Any CPU.ActiveCfg = Release|Any CPU
		{2AEFBB87-F90D-4591-99C5-631557F44028}.Release|Any CPU.Build.0 = Release|Any CPU
		{7B499EE2-AD0C-44EC-8868-CCD14ABAE5B9}.Debug|Any CPU.ActiveCfg = Debug|Any CPU
		{7B499EE2-AD0C-44EC-8868-CCD14ABAE5B9}.Debug|Any CPU.Build.0 = Debug|Any CPU
		{7B499EE2-AD0C-44EC-8868-CCD14ABAE5B9}.Release|Any CPU.ActiveCfg = Release|Any CPU
		{7B499EE2-AD0C-44EC-8868-CCD14ABAE5B9}.Release|Any CPU.Build.0 = Release|Any CPU
		{40043EBC-F8FF-48C8-96FA-70DDD6C2466F}.Debug|Any CPU.ActiveCfg = Debug|Any CPU
		{40043EBC-F8FF-48C8-96FA-70DDD6C2466F}.Debug|Any CPU.Build.0 = Debug|Any CPU
		{40043EBC-F8FF-48C8-96FA-70DDD6C2466F}.Release|Any CPU.ActiveCfg = Release|Any CPU
		{40043EBC-F8FF-48C8-96FA-70DDD6C2466F}.Release|Any CPU.Build.0 = Release|Any CPU
	EndGlobalSection
	GlobalSection(SolutionProperties) = preSolution
		HideSolutionNode = FALSE
	EndGlobalSection
	GlobalSection(ExtensibilityGlobals) = postSolution
		SolutionGuid = {1123D6B8-1F2C-4642-BDA2-96A6095FB5EF}
	EndGlobalSection
EndGlobal
